// !$*UTF8*$!
{
	archiveVersion = 1;
	classes = {
	};
	objectVersion = 50;
	objects = {

/* Begin PBXBuildFile section */
		B50B44D1215D803D00A6399B /* AppDelegate.swift in Sources */ = {isa = PBXBuildFile; fileRef = B50B44D0215D803D00A6399B /* AppDelegate.swift */; };
		B50B44D2215D803D00A6399A /* SceneDelegate.swift in Sources */ = {isa = PBXBuildFile; fileRef = B50B44D0215D803D00A6399A /* SceneDelegate.swift */; };
		B50B44D3215D803D00A6399B /* ViewController.swift in Sources */ = {isa = PBXBuildFile; fileRef = B50B44D2215D803D00A6399B /* ViewController.swift */; };
		B50B44D6215D803D00A6399B /* Main.storyboard in Resources */ = {isa = PBXBuildFile; fileRef = B50B44D4215D803D00A6399B /* Main.storyboard */; };
		B50B44D8215D804100A6399B /* Assets.xcassets in Resources */ = {isa = PBXBuildFile; fileRef = B50B44D7215D804100A6399B /* Assets.xcassets */; };
		B50B44DB215D804100A6399B /* LaunchScreen.storyboard in Resources */ = {isa = PBXBuildFile; fileRef = B50B44D9215D804100A6399B /* LaunchScreen.storyboard */; };
		C0DE00312F44033100D1CE00 /* Localizable.strings in Resources */ = {isa = PBXBuildFile; fileRef = C0DE00302F44033100D1CE00 /* Localizable.strings */; };
		QA0100012F57000100D1CE00 /* InfoPlist.strings in Resources */ = {isa = PBXBuildFile; fileRef = QA0100022F57000100D1CE00 /* InfoPlist.strings */; };
		B50B44E6215D804100A6399B /* DiceTests.swift in Sources */ = {isa = PBXBuildFile; fileRef = B50B44E5215D804100A6399B /* DiceTests.swift */; };
		B50B44F1215D804100A6399B /* DiceUITests.swift in Sources */ = {isa = PBXBuildFile; fileRef = B50B44F0215D804100A6399B /* DiceUITests.swift */; };
		B50B44F6215D804200A6399B /* Dice WatchKit App.app in Embed Watch Content */ = {isa = PBXBuildFile; fileRef = B50B44F5215D804200A6399B /* Dice WatchKit App.app */; };
		B50B44FC215D804200A6399B /* Interface.storyboard in Resources */ = {isa = PBXBuildFile; fileRef = B50B44FA215D804200A6399B /* Interface.storyboard */; };
		B50B44FE215D804200A6399B /* Assets.xcassets in Resources */ = {isa = PBXBuildFile; fileRef = B50B44FD215D804200A6399B /* Assets.xcassets */; };
		B50B4505215D804200A6399B /* Dice WatchKit Extension.appex in Embed App Extensions */ = {isa = PBXBuildFile; fileRef = B50B4504215D804200A6399B /* Dice WatchKit Extension.appex */; settings = {ATTRIBUTES = (RemoveHeadersOnCopy, ); }; };
		B50B450A215D804200A6399B /* InterfaceController.swift in Sources */ = {isa = PBXBuildFile; fileRef = B50B4509215D804200A6399B /* InterfaceController.swift */; };
		B50B450C215D804200A6399B /* ExtensionDelegate.swift in Sources */ = {isa = PBXBuildFile; fileRef = B50B450B215D804200A6399B /* ExtensionDelegate.swift */; };
		B50B450E215D804200A6399B /* NotificationController.swift in Sources */ = {isa = PBXBuildFile; fileRef = B50B450D215D804200A6399B /* NotificationController.swift */; };
		B50B4510215D804300A6399B /* Assets.xcassets in Resources */ = {isa = PBXBuildFile; fileRef = B50B450F215D804300A6399B /* Assets.xcassets */; };
		B57DA5BA2F4228E00057BC3A /* DiceCubeView.swift in Sources */ = {isa = PBXBuildFile; fileRef = B57DA5B92F4228E00057BC3A /* DiceCubeView.swift */; };
		C0DE00012F44000100D1CE00 /* DiceNotationParser.swift in Sources */ = {isa = PBXBuildFile; fileRef = C0DE00002F44000100D1CE00 /* DiceNotationParser.swift */; };
		C0DE00032F44003200D1CE00 /* TrueRandomRoller.swift in Sources */ = {isa = PBXBuildFile; fileRef = C0DE00022F44003200D1CE00 /* TrueRandomRoller.swift */; };
		C0DE00052F44005400D1CE00 /* IntuitiveRoller.swift in Sources */ = {isa = PBXBuildFile; fileRef = C0DE00042F44005400D1CE00 /* IntuitiveRoller.swift */; };
		C0DE00072F44007600D1CE00 /* DiceRollSession.swift in Sources */ = {isa = PBXBuildFile; fileRef = C0DE00062F44007600D1CE00 /* DiceRollSession.swift */; };
		C0DE00092F44009800D1CE00 /* DiceAppState.swift in Sources */ = {isa = PBXBuildFile; fileRef = C0DE00082F44009800D1CE00 /* DiceAppState.swift */; };
		C0DE000B2F4400BA00D1CE00 /* DicePreferencesStore.swift in Sources */ = {isa = PBXBuildFile; fileRef = C0DE000A2F4400BA00D1CE00 /* DicePreferencesStore.swift */; };
		C0DE000D2F4400DC00D1CE00 /* DiceRollHistory.swift in Sources */ = {isa = PBXBuildFile; fileRef = C0DE000C2F4400DC00D1CE00 /* DiceRollHistory.swift */; };
		C0DE004A2F44720100D1CE00 /* DiceRollHistoryAnalytics.swift in Sources */ = {isa = PBXBuildFile; fileRef = C0DE00492F44720100D1CE00 /* DiceRollHistoryAnalytics.swift */; };
		C0DE000F2F4400FE00D1CE00 /* DiceRollHistoryStore.swift in Sources */ = {isa = PBXBuildFile; fileRef = C0DE000E2F4400FE00D1CE00 /* DiceRollHistoryStore.swift */; };
		C0DE00112F44012000D1CE00 /* DiceTelemetry.swift in Sources */ = {isa = PBXBuildFile; fileRef = C0DE00102F44012000D1CE00 /* DiceTelemetry.swift */; };
		C0DE00132F44014200D1CE00 /* DiceViewModel.swift in Sources */ = {isa = PBXBuildFile; fileRef = C0DE00122F44014200D1CE00 /* DiceViewModel.swift */; };
		C0DE00152F44016400D1CE00 /* WatchRollViewModel.swift in Sources */ = {isa = PBXBuildFile; fileRef = C0DE00142F44016400D1CE00 /* WatchRollViewModel.swift */; };
		C0DE00332F44035300D1CE00 /* DiceTheme.swift in Sources */ = {isa = PBXBuildFile; fileRef = C0DE00322F44035300D1CE00 /* DiceTheme.swift */; };
		C0DE00352F4403A100D1CE00 /* DiceTableTexture.swift in Sources */ = {isa = PBXBuildFile; fileRef = C0DE00342F4403A100D1CE00 /* DiceTableTexture.swift */; };
		C0DE00372F4404DA00D1CE00 /* DiceDieFinish.swift in Sources */ = {isa = PBXBuildFile; fileRef = C0DE00362F4404DA00D1CE00 /* DiceDieFinish.swift */; };
		C0DE00392F4406AF00D1CE00 /* DiceFaceContrast.swift in Sources */ = {isa = PBXBuildFile; fileRef = C0DE00382F4406AF00D1CE00 /* DiceFaceContrast.swift */; };
		C0DE003A2F4406C900D1CE00 /* DiceFaceContrast.swift in Sources */ = {isa = PBXBuildFile; fileRef = C0DE00382F4406AF00D1CE00 /* DiceFaceContrast.swift */; };
		C0DE003C2F4407DD00D1CE00 /* DiceDieColorPreferences.swift in Sources */ = {isa = PBXBuildFile; fileRef = C0DE003B2F4407DD00D1CE00 /* DiceDieColorPreferences.swift */; };
		C0DE003E2F4408A100D1CE00 /* DiceD6PipStyle.swift in Sources */ = {isa = PBXBuildFile; fileRef = C0DE003D2F4408A100D1CE00 /* DiceD6PipStyle.swift */; };
		C0DE003F2F4408AB00D1CE00 /* DiceD6PipStyle.swift in Sources */ = {isa = PBXBuildFile; fileRef = C0DE003D2F4408A100D1CE00 /* DiceD6PipStyle.swift */; };
		C0DE00412F44092300D1CE00 /* DiceFaceNumeralFont.swift in Sources */ = {isa = PBXBuildFile; fileRef = C0DE00402F44092300D1CE00 /* DiceFaceNumeralFont.swift */; };
		C0DE00422F44092D00D1CE00 /* DiceFaceNumeralFont.swift in Sources */ = {isa = PBXBuildFile; fileRef = C0DE00402F44092300D1CE00 /* DiceFaceNumeralFont.swift */; };
			C0DE00442F440A7100D1CE00 /* DiceBoardCameraPreset.swift in Sources */ = {isa = PBXBuildFile; fileRef = C0DE00432F440A7100D1CE00 /* DiceBoardCameraPreset.swift */; };
			C0DE00462F440B8700D1CE00 /* DiceAnimationIntensity.swift in Sources */ = {isa = PBXBuildFile; fileRef = C0DE00452F440B8700D1CE00 /* DiceAnimationIntensity.swift */; };
			C0DE00482F440C4900D1CE00 /* DiceBoardLayoutPreset.swift in Sources */ = {isa = PBXBuildFile; fileRef = C0DE00472F440C4900D1CE00 /* DiceBoardLayoutPreset.swift */; };
			C0DE00512F44C00100D1CE00 /* DiceLightingAngle.swift in Sources */ = {isa = PBXBuildFile; fileRef = C0DE00502F44C00100D1CE00 /* DiceLightingAngle.swift */; };
			C0DE00532F44C00200D1CE00 /* DiceLightingDirectionResolver.swift in Sources */ = {isa = PBXBuildFile; fileRef = C0DE00522F44C00200D1CE00 /* DiceLightingDirectionResolver.swift */; };
			C0DE004B2F44A00100D1CE00 /* DiceFaceLabelSizing.swift in Sources */ = {isa = PBXBuildFile; fileRef = C0DE004D2F44A00100D1CE00 /* DiceFaceLabelSizing.swift */; };
		C0DE004E2F44A20100D1CE00 /* DiceMotionBehaviorProfile.swift in Sources */ = {isa = PBXBuildFile; fileRef = C0DE004F2F44A20100D1CE00 /* DiceMotionBehaviorProfile.swift */; };
		D1CE11022F50000200D1CE00 /* DiceHapticsEngine.swift in Sources */ = {isa = PBXBuildFile; fileRef = D1CE10022F50000200D1CE00 /* DiceHapticsEngine.swift */; };
		D1CE11042F50000400D1CE00 /* DiceOptionsSheetViewController.swift in Sources */ = {isa = PBXBuildFile; fileRef = D1CE10042F50000400D1CE00 /* DiceOptionsSheetViewController.swift */; };
		D1CE11052F50000500D1CE00 /* DiceOptionsSectionBuilder.swift in Sources */ = {isa = PBXBuildFile; fileRef = D1CE10052F50000500D1CE00 /* DiceOptionsSectionBuilder.swift */; };
		D3CE11012F5A000100D1CE00 /* DieInspectorSheetViewController.swift in Sources */ = {isa = PBXBuildFile; fileRef = D3CE10012F5A000100D1CE00 /* DieInspectorSheetViewController.swift */; };
		D1CE11072F50000700D1CE00 /* DiceSoundEngine.swift in Sources */ = {isa = PBXBuildFile; fileRef = D1CE10072F50000700D1CE00 /* DiceSoundEngine.swift */; };
		D1CE11082F50000800D1CE00 /* DiceAudioFormatResolver.swift in Sources */ = {isa = PBXBuildFile; fileRef = D1CE10082F50000800D1CE00 /* DiceAudioFormatResolver.swift */; };
		D1CE110B2F50000B00D1CE00 /* HistoryRowFormatter.swift in Sources */ = {isa = PBXBuildFile; fileRef = D1CE100B2F50000B00D1CE00 /* HistoryRowFormatter.swift */; };
		D1CE110C2F50000C00D1CE00 /* HistorySummaryCardRenderer.swift in Sources */ = {isa = PBXBuildFile; fileRef = D1CE100C2F50000C00D1CE00 /* HistorySummaryCardRenderer.swift */; };
		D1CE110D2F50000D00D1CE00 /* PresetManagerViewController.swift in Sources */ = {isa = PBXBuildFile; fileRef = D1CE100D2F50000D00D1CE00 /* PresetManagerViewController.swift */; };
		D1CE110E2F50000E00D1CE00 /* PresetPickerViewController.swift in Sources */ = {isa = PBXBuildFile; fileRef = D1CE100E2F50000E00D1CE00 /* PresetPickerViewController.swift */; };
		D1CE110F2F50000F00D1CE00 /* RollHistoryViewController.swift in Sources */ = {isa = PBXBuildFile; fileRef = D1CE100F2F50000F00D1CE00 /* RollHistoryViewController.swift */; };
		AACE00012F58000100D1CE00 /* RollDistributionSheetViewController.swift in Sources */ = {isa = PBXBuildFile; fileRef = AACE00022F58000200D1CE00 /* RollDistributionSheetViewController.swift */; };
		A1CE11012F5B000100D1CE00 /* WatchSingleDieConfigurationSyncBridge.swift in Sources */ = {isa = PBXBuildFile; fileRef = A1CE10012F5B000100D1CE00 /* WatchSingleDieConfigurationSyncBridge.swift */; };
		A1CE11022F5B000100D1CE00 /* WatchSingleDieConfigurationSyncBridge.swift in Sources */ = {isa = PBXBuildFile; fileRef = A1CE10012F5B000100D1CE00 /* WatchSingleDieConfigurationSyncBridge.swift */; };
		A2CE11012F5C000100D1CE00 /* DiceTableTexture.swift in Sources */ = {isa = PBXBuildFile; fileRef = C0DE00342F4403A100D1CE00 /* DiceTableTexture.swift */; };
		A2CE11022F5C000100D1CE00 /* DiceShaderModifierSourceLoader.swift in Sources */ = {isa = PBXBuildFile; fileRef = E0CE10012F54000100D1CE00 /* DiceShaderModifierSourceLoader.swift */; };
		A2CE11032F5C000100D1CE00 /* DiceTableSurfaceShader.metal in Resources */ = {isa = PBXBuildFile; fileRef = E1CE10042F59000400D1CE00 /* DiceTableSurfaceShader.metal */; };
		A3CE11012F5C100100D1CE00 /* DiceSingleDieSceneGeometryFactory.swift in Sources */ = {isa = PBXBuildFile; fileRef = A3CE10012F5C100100D1CE00 /* DiceSingleDieSceneGeometryFactory.swift */; };
		A3CE11022F5C100100D1CE00 /* DiceSingleDieSceneGeometryFactory.swift in Sources */ = {isa = PBXBuildFile; fileRef = A3CE10012F5C100100D1CE00 /* DiceSingleDieSceneGeometryFactory.swift */; };
		D2CE11012F51000100D1CE00 /* D6FaceOrientation.swift in Sources */ = {isa = PBXBuildFile; fileRef = D2CE10012F51000100D1CE00 /* D6FaceOrientation.swift */; };
		D2CE11022F51000200D1CE00 /* D6SceneKitRenderConfig.swift in Sources */ = {isa = PBXBuildFile; fileRef = D2CE10022F51000200D1CE00 /* D6SceneKitRenderConfig.swift */; };
		D2CE11192F51001900D1CE00 /* D6BeveledCubeGeometry.swift in Sources */ = {isa = PBXBuildFile; fileRef = D2CE10192F51001900D1CE00 /* D6BeveledCubeGeometry.swift */; };
		D2CE11032F51000300D1CE00 /* DiceDieColorPreset.swift in Sources */ = {isa = PBXBuildFile; fileRef = D2CE10032F51000300D1CE00 /* DiceDieColorPreset.swift */; };
		D2CE11042F51000400D1CE00 /* DiceInputError.swift in Sources */ = {isa = PBXBuildFile; fileRef = D2CE10042F51000400D1CE00 /* DiceInputError.swift */; };
		D2CE11052F51000500D1CE00 /* DicePool.swift in Sources */ = {isa = PBXBuildFile; fileRef = D2CE10052F51000500D1CE00 /* DicePool.swift */; };
		D2CE11062F51000600D1CE00 /* DiceSavedPreset.swift in Sources */ = {isa = PBXBuildFile; fileRef = D2CE10062F51000600D1CE00 /* DiceSavedPreset.swift */; };
		D2CE11072F51000700D1CE00 /* DiceSoundPack.swift in Sources */ = {isa = PBXBuildFile; fileRef = D2CE10072F51000700D1CE00 /* DiceSoundPack.swift */; };
		D2CE11082F51000800D1CE00 /* DiceStats.swift in Sources */ = {isa = PBXBuildFile; fileRef = D2CE10082F51000800D1CE00 /* DiceStats.swift */; };
		D2CE110A2F51000A00D1CE00 /* DiceThemePalette.swift in Sources */ = {isa = PBXBuildFile; fileRef = D2CE100A2F51000A00D1CE00 /* DiceThemePalette.swift */; };
		D2CE110B2F51000B00D1CE00 /* DiceUserPreferences.swift in Sources */ = {isa = PBXBuildFile; fileRef = D2CE100B2F51000B00D1CE00 /* DiceUserPreferences.swift */; };
		D2CE110C2F51000C00D1CE00 /* FaceContrastStyle.swift in Sources */ = {isa = PBXBuildFile; fileRef = D2CE100C2F51000C00D1CE00 /* FaceContrastStyle.swift */; };
		D2CE110D2F51000D00D1CE00 /* IntuitiveRollContext.swift in Sources */ = {isa = PBXBuildFile; fileRef = D2CE100D2F51000D00D1CE00 /* IntuitiveRollContext.swift */; };
		D2CE110E2F51000E00D1CE00 /* RollConfiguration.swift in Sources */ = {isa = PBXBuildFile; fileRef = D2CE100E2F51000E00D1CE00 /* RollConfiguration.swift */; };
		D2CE110F2F51000F00D1CE00 /* RollHistogram.swift in Sources */ = {isa = PBXBuildFile; fileRef = D2CE100F2F51000F00D1CE00 /* RollHistogram.swift */; };
		D2CE11102F51001000D1CE00 /* RollHistoryDateRangeFilter.swift in Sources */ = {isa = PBXBuildFile; fileRef = D2CE10102F51001000D1CE00 /* RollHistoryDateRangeFilter.swift */; };
		D2CE11112F51001100D1CE00 /* RollHistoryEntry.swift in Sources */ = {isa = PBXBuildFile; fileRef = D2CE10112F51001100D1CE00 /* RollHistoryEntry.swift */; };
		D2CE11122F51001200D1CE00 /* RollHistoryExportFormat.swift in Sources */ = {isa = PBXBuildFile; fileRef = D2CE10122F51001200D1CE00 /* RollHistoryExportFormat.swift */; };
		D2CE11132F51001300D1CE00 /* RollHistoryExporter.swift in Sources */ = {isa = PBXBuildFile; fileRef = D2CE10132F51001300D1CE00 /* RollHistoryExporter.swift */; };
		D2CE11142F51001400D1CE00 /* RollHistoryFilter.swift in Sources */ = {isa = PBXBuildFile; fileRef = D2CE10142F51001400D1CE00 /* RollHistoryFilter.swift */; };
		D2CE11152F51001500D1CE00 /* RollHistoryIndicators.swift in Sources */ = {isa = PBXBuildFile; fileRef = D2CE10152F51001500D1CE00 /* RollHistoryIndicators.swift */; };
		D2CE11162F51001600D1CE00 /* RollHistoryModeFilter.swift in Sources */ = {isa = PBXBuildFile; fileRef = D2CE10162F51001600D1CE00 /* RollHistoryModeFilter.swift */; };
		D2CE11172F51001700D1CE00 /* RollOutcome.swift in Sources */ = {isa = PBXBuildFile; fileRef = D2CE10172F51001700D1CE00 /* RollOutcome.swift */; };
		D2CE11182F51001800D1CE00 /* RollSessionSummary.swift in Sources */ = {isa = PBXBuildFile; fileRef = D2CE10182F51001800D1CE00 /* RollSessionSummary.swift */; };
		D5CE11012F53000100D1CE00 /* DiceRollDistributionChartView.swift in Sources */ = {isa = PBXBuildFile; fileRef = D5CE10012F53000100D1CE00 /* DiceRollDistributionChartView.swift */; };
		E0CE00012F54000100D1CE00 /* DiceShaderModifierSourceLoader.swift in Sources */ = {isa = PBXBuildFile; fileRef = E0CE10012F54000100D1CE00 /* DiceShaderModifierSourceLoader.swift */; };
		E0CE00022F54000200D1CE00 /* DiceSurfaceBaseShader.metal in Resources */ = {isa = PBXBuildFile; fileRef = E0CE10022F54000200D1CE00 /* DiceSurfaceBaseShader.metal */; };
		E0CE00032F54000300D1CE00 /* DiceSurfaceStoneShader.metal in Resources */ = {isa = PBXBuildFile; fileRef = E0CE10032F54000300D1CE00 /* DiceSurfaceStoneShader.metal */; };
		E1CE00042F59000400D1CE00 /* DiceTableSurfaceShader.metal in Resources */ = {isa = PBXBuildFile; fileRef = E1CE10042F59000400D1CE00 /* DiceTableSurfaceShader.metal */; };
		F1CE00012F55000100D1CE00 /* DiceWidgetSnapshotStore.swift in Sources */ = {isa = PBXBuildFile; fileRef = F1CE10012F55000100D1CE00 /* DiceWidgetSnapshotStore.swift */; };
		F2CE00012F56010100D1CE00 /* DiceAppRoute.swift in Sources */ = {isa = PBXBuildFile; fileRef = F2CE10012F56010100D1CE00 /* DiceAppRoute.swift */; };
		F3CE00012F56020100D1CE00 /* DiceWidgetTimelinePolicy.swift in Sources */ = {isa = PBXBuildFile; fileRef = F3CE10012F56020100D1CE00 /* DiceWidgetTimelinePolicy.swift */; };
		QA0200012F57000100D1CE00 /* DiceQuickActionManager.swift in Sources */ = {isa = PBXBuildFile; fileRef = QA0200022F57000100D1CE00 /* DiceQuickActionManager.swift */; };
		W10000012F56000100D1CE00 /* DiceWidgetsBundle.swift in Sources */ = {isa = PBXBuildFile; fileRef = W40000022F56000200D1CE00 /* DiceWidgetsBundle.swift */; };
		W10000022F56000200D1CE00 /* DiceRollWidget.swift in Sources */ = {isa = PBXBuildFile; fileRef = W40000032F56000300D1CE00 /* DiceRollWidget.swift */; };
		W10000032F56000300D1CE00 /* DiceWidgetSnapshotStore.swift in Sources */ = {isa = PBXBuildFile; fileRef = F1CE10012F55000100D1CE00 /* DiceWidgetSnapshotStore.swift */; };
		W10000042F56000400D1CE00 /* RollHistoryEntry.swift in Sources */ = {isa = PBXBuildFile; fileRef = D2CE10112F51001100D1CE00 /* RollHistoryEntry.swift */; };
		W10000052F56000500D1CE00 /* Dice Widgets Extension.appex in Embed App Extensions */ = {isa = PBXBuildFile; fileRef = W40000012F56000100D1CE00 /* Dice Widgets Extension.appex */; settings = {ATTRIBUTES = (RemoveHeadersOnCopy, ); }; };
		W10000062F56000600D1CE00 /* DiceWidgetTimelinePolicy.swift in Sources */ = {isa = PBXBuildFile; fileRef = F3CE10012F56020100D1CE00 /* DiceWidgetTimelinePolicy.swift */; };
		C0DE00212F44022100D1CE00 /* DiceNotationParser.swift in Sources */ = {isa = PBXBuildFile; fileRef = C0DE00002F44000100D1CE00 /* DiceNotationParser.swift */; };
		C0DE00232F44022300D1CE00 /* TrueRandomRoller.swift in Sources */ = {isa = PBXBuildFile; fileRef = C0DE00022F44003200D1CE00 /* TrueRandomRoller.swift */; };
		C0DE00252F44022500D1CE00 /* IntuitiveRoller.swift in Sources */ = {isa = PBXBuildFile; fileRef = C0DE00042F44005400D1CE00 /* IntuitiveRoller.swift */; };
		C0DE00272F44022700D1CE00 /* DiceRollSession.swift in Sources */ = {isa = PBXBuildFile; fileRef = C0DE00062F44007600D1CE00 /* DiceRollSession.swift */; };
		C0DE00292F44022900D1CE00 /* WatchRollViewModel.swift in Sources */ = {isa = PBXBuildFile; fileRef = C0DE00142F44016400D1CE00 /* WatchRollViewModel.swift */; };
		C0DE002B2F44022B00D1CE00 /* FaceContrastStyle.swift in Sources */ = {isa = PBXBuildFile; fileRef = D2CE100C2F51000C00D1CE00 /* FaceContrastStyle.swift */; };
		C0DE002D2F44022D00D1CE00 /* IntuitiveRollContext.swift in Sources */ = {isa = PBXBuildFile; fileRef = D2CE100D2F51000D00D1CE00 /* IntuitiveRollContext.swift */; };
		C0DE002F2F44022F00D1CE00 /* RollConfiguration.swift in Sources */ = {isa = PBXBuildFile; fileRef = D2CE100E2F51000E00D1CE00 /* RollConfiguration.swift */; };
		C0DE00312F44023100D1CE00 /* RollOutcome.swift in Sources */ = {isa = PBXBuildFile; fileRef = D2CE10172F51001700D1CE00 /* RollOutcome.swift */; };
		C0DE01A12F4402A100D1CE00 /* DiceInputError.swift in Sources */ = {isa = PBXBuildFile; fileRef = D2CE10042F51000400D1CE00 /* DiceInputError.swift */; };
		C0DE01A22F4402A200D1CE00 /* DicePool.swift in Sources */ = {isa = PBXBuildFile; fileRef = D2CE10052F51000500D1CE00 /* DicePool.swift */; };
		C0DE01A32F4402A300D1CE00 /* D6FaceOrientation.swift in Sources */ = {isa = PBXBuildFile; fileRef = D2CE10012F51000100D1CE00 /* D6FaceOrientation.swift */; };
		C0DE01A52F4402A500D1CE00 /* D6BeveledCubeGeometry.swift in Sources */ = {isa = PBXBuildFile; fileRef = D2CE10192F51001900D1CE00 /* D6BeveledCubeGeometry.swift */; };
/* End PBXBuildFile section */

/* Begin PBXContainerItemProxy section */
		B50B44E2215D804100A6399B /* PBXContainerItemProxy */ = {
			isa = PBXContainerItemProxy;
			containerPortal = B50B44C5215D803C00A6399B /* Project object */;
			proxyType = 1;
			remoteGlobalIDString = B50B44CC215D803C00A6399B;
			remoteInfo = Dice;
		};
		B50B44ED215D804100A6399B /* PBXContainerItemProxy */ = {
			isa = PBXContainerItemProxy;
			containerPortal = B50B44C5215D803C00A6399B /* Project object */;
			proxyType = 1;
			remoteGlobalIDString = B50B44CC215D803C00A6399B;
			remoteInfo = Dice;
		};
		B50B44F7215D804200A6399B /* PBXContainerItemProxy */ = {
			isa = PBXContainerItemProxy;
			containerPortal = B50B44C5215D803C00A6399B /* Project object */;
			proxyType = 1;
			remoteGlobalIDString = B50B44F4215D804100A6399B;
			remoteInfo = "Dice WatchKit App";
		};
		B50B4506215D804200A6399B /* PBXContainerItemProxy */ = {
			isa = PBXContainerItemProxy;
			containerPortal = B50B44C5215D803C00A6399B /* Project object */;
			proxyType = 1;
			remoteGlobalIDString = B50B4503215D804200A6399B;
			remoteInfo = "Dice WatchKit Extension";
		};
		W20000012F56000100D1CE00 /* PBXContainerItemProxy */ = {
			isa = PBXContainerItemProxy;
			containerPortal = B50B44C5215D803C00A6399B /* Project object */;
			proxyType = 1;
			remoteGlobalIDString = W70000012F56000100D1CE00;
			remoteInfo = "Dice Widgets Extension";
		};
/* End PBXContainerItemProxy section */

/* Begin PBXCopyFilesBuildPhase section */
		B50B4518215D804300A6399B /* Embed App Extensions */ = {
			isa = PBXCopyFilesBuildPhase;
			buildActionMask = 2147483647;
			dstPath = "";
			dstSubfolderSpec = 13;
			files = (
				B50B4505215D804200A6399B /* Dice WatchKit Extension.appex in Embed App Extensions */,
			);
			name = "Embed App Extensions";
			runOnlyForDeploymentPostprocessing = 0;
		};
		B50B451C215D804300A6399B /* Embed Watch Content */ = {
			isa = PBXCopyFilesBuildPhase;
			buildActionMask = 2147483647;
			dstPath = "$(CONTENTS_FOLDER_PATH)/Watch";
			dstSubfolderSpec = 16;
			files = (
				B50B44F6215D804200A6399B /* Dice WatchKit App.app in Embed Watch Content */,
			);
			name = "Embed Watch Content";
			runOnlyForDeploymentPostprocessing = 1;
		};
		W30000012F56000100D1CE00 /* Embed App Extensions */ = {
			isa = PBXCopyFilesBuildPhase;
			buildActionMask = 2147483647;
			dstPath = "";
			dstSubfolderSpec = 13;
			files = (
				W10000052F56000500D1CE00 /* Dice Widgets Extension.appex in Embed App Extensions */,
			);
			name = "Embed App Extensions";
			runOnlyForDeploymentPostprocessing = 0;
		};
/* End PBXCopyFilesBuildPhase section */

/* Begin PBXFileReference section */
		B50B44CD215D803D00A6399B /* Dice.app */ = {isa = PBXFileReference; explicitFileType = wrapper.application; includeInIndex = 0; path = Dice.app; sourceTree = BUILT_PRODUCTS_DIR; };
		B50B44D0215D803D00A6399B /* AppDelegate.swift */ = {isa = PBXFileReference; lastKnownFileType = sourcecode.swift; path = AppDelegate.swift; sourceTree = "<group>"; };
		B50B44D0215D803D00A6399A /* SceneDelegate.swift */ = {isa = PBXFileReference; lastKnownFileType = sourcecode.swift; path = SceneDelegate.swift; sourceTree = "<group>"; };
		B50B44D2215D803D00A6399B /* ViewController.swift */ = {isa = PBXFileReference; lastKnownFileType = sourcecode.swift; path = ViewController.swift; sourceTree = "<group>"; };
		B50B44D5215D803D00A6399B /* Base */ = {isa = PBXFileReference; lastKnownFileType = file.storyboard; name = Base; path = Base.lproj/Main.storyboard; sourceTree = "<group>"; };
		B50B44D7215D804100A6399B /* Assets.xcassets */ = {isa = PBXFileReference; lastKnownFileType = folder.assetcatalog; path = Assets.xcassets; sourceTree = "<group>"; };
		B50B44DA215D804100A6399B /* Base */ = {isa = PBXFileReference; lastKnownFileType = file.storyboard; name = Base; path = Base.lproj/LaunchScreen.storyboard; sourceTree = "<group>"; };
		B50B44DC215D804100A6399B /* Info.plist */ = {isa = PBXFileReference; lastKnownFileType = text.plist.xml; path = Info.plist; sourceTree = "<group>"; };
		B50B44E1215D804100A6399B /* DiceTests.xctest */ = {isa = PBXFileReference; explicitFileType = wrapper.cfbundle; includeInIndex = 0; path = DiceTests.xctest; sourceTree = BUILT_PRODUCTS_DIR; };
		B50B44E5215D804100A6399B /* DiceTests.swift */ = {isa = PBXFileReference; lastKnownFileType = sourcecode.swift; path = DiceTests.swift; sourceTree = "<group>"; };
		B50B44E7215D804100A6399B /* Info.plist */ = {isa = PBXFileReference; lastKnownFileType = text.plist.xml; path = Info.plist; sourceTree = "<group>"; };
		B50B44EC215D804100A6399B /* DiceUITests.xctest */ = {isa = PBXFileReference; explicitFileType = wrapper.cfbundle; includeInIndex = 0; path = DiceUITests.xctest; sourceTree = BUILT_PRODUCTS_DIR; };
		B50B44F0215D804100A6399B /* DiceUITests.swift */ = {isa = PBXFileReference; lastKnownFileType = sourcecode.swift; path = DiceUITests.swift; sourceTree = "<group>"; };
		B50B44F2215D804100A6399B /* Info.plist */ = {isa = PBXFileReference; lastKnownFileType = text.plist.xml; path = Info.plist; sourceTree = "<group>"; };
		B50B44F5215D804200A6399B /* Dice WatchKit App.app */ = {isa = PBXFileReference; explicitFileType = wrapper.application; includeInIndex = 0; path = "Dice WatchKit App.app"; sourceTree = BUILT_PRODUCTS_DIR; };
		B50B44FB215D804200A6399B /* Base */ = {isa = PBXFileReference; lastKnownFileType = file.storyboard; name = Base; path = Base.lproj/Interface.storyboard; sourceTree = "<group>"; };
		B50B44FD215D804200A6399B /* Assets.xcassets */ = {isa = PBXFileReference; lastKnownFileType = folder.assetcatalog; path = Assets.xcassets; sourceTree = "<group>"; };
		B50B44FF215D804200A6399B /* Info.plist */ = {isa = PBXFileReference; lastKnownFileType = text.plist.xml; path = Info.plist; sourceTree = "<group>"; };
		B50B4504215D804200A6399B /* Dice WatchKit Extension.appex */ = {isa = PBXFileReference; explicitFileType = "wrapper.app-extension"; includeInIndex = 0; path = "Dice WatchKit Extension.appex"; sourceTree = BUILT_PRODUCTS_DIR; };
		B50B4509215D804200A6399B /* InterfaceController.swift */ = {isa = PBXFileReference; lastKnownFileType = sourcecode.swift; path = InterfaceController.swift; sourceTree = "<group>"; };
		B50B450B215D804200A6399B /* ExtensionDelegate.swift */ = {isa = PBXFileReference; lastKnownFileType = sourcecode.swift; path = ExtensionDelegate.swift; sourceTree = "<group>"; };
		B50B450D215D804200A6399B /* NotificationController.swift */ = {isa = PBXFileReference; lastKnownFileType = sourcecode.swift; path = NotificationController.swift; sourceTree = "<group>"; };
		B50B450F215D804300A6399B /* Assets.xcassets */ = {isa = PBXFileReference; lastKnownFileType = folder.assetcatalog; path = Assets.xcassets; sourceTree = "<group>"; };
		B50B4511215D804300A6399B /* Info.plist */ = {isa = PBXFileReference; lastKnownFileType = text.plist.xml; path = Info.plist; sourceTree = "<group>"; };
		B50B4512215D804300A6399B /* PushNotificationPayload.apns */ = {isa = PBXFileReference; lastKnownFileType = text; path = PushNotificationPayload.apns; sourceTree = "<group>"; };
		B57DA5B92F4228E00057BC3A /* DiceCubeView.swift */ = {isa = PBXFileReference; lastKnownFileType = sourcecode.swift; path = DiceCubeView.swift; sourceTree = "<group>"; };
		A1CE10012F5B000100D1CE00 /* WatchSingleDieConfigurationSyncBridge.swift */ = {isa = PBXFileReference; lastKnownFileType = sourcecode.swift; path = WatchSingleDieConfigurationSyncBridge.swift; sourceTree = "<group>"; };
		A3CE10012F5C100100D1CE00 /* DiceSingleDieSceneGeometryFactory.swift */ = {isa = PBXFileReference; lastKnownFileType = sourcecode.swift; path = DiceSingleDieSceneGeometryFactory.swift; sourceTree = "<group>"; };
		C0DE00002F44000100D1CE00 /* DiceNotationParser.swift */ = {isa = PBXFileReference; lastKnownFileType = sourcecode.swift; path = DiceNotationParser.swift; sourceTree = "<group>"; };
		C0DE00022F44003200D1CE00 /* TrueRandomRoller.swift */ = {isa = PBXFileReference; lastKnownFileType = sourcecode.swift; path = TrueRandomRoller.swift; sourceTree = "<group>"; };
		C0DE00042F44005400D1CE00 /* IntuitiveRoller.swift */ = {isa = PBXFileReference; lastKnownFileType = sourcecode.swift; path = IntuitiveRoller.swift; sourceTree = "<group>"; };
		C0DE00062F44007600D1CE00 /* DiceRollSession.swift */ = {isa = PBXFileReference; lastKnownFileType = sourcecode.swift; path = DiceRollSession.swift; sourceTree = "<group>"; };
		C0DE00082F44009800D1CE00 /* DiceAppState.swift */ = {isa = PBXFileReference; lastKnownFileType = sourcecode.swift; path = DiceAppState.swift; sourceTree = "<group>"; };
		C0DE000A2F4400BA00D1CE00 /* DicePreferencesStore.swift */ = {isa = PBXFileReference; lastKnownFileType = sourcecode.swift; path = DicePreferencesStore.swift; sourceTree = "<group>"; };
		C0DE000C2F4400DC00D1CE00 /* DiceRollHistory.swift */ = {isa = PBXFileReference; lastKnownFileType = sourcecode.swift; path = DiceRollHistory.swift; sourceTree = "<group>"; };
		C0DE00492F44720100D1CE00 /* DiceRollHistoryAnalytics.swift */ = {isa = PBXFileReference; lastKnownFileType = sourcecode.swift; path = DiceRollHistoryAnalytics.swift; sourceTree = "<group>"; };
		C0DE000E2F4400FE00D1CE00 /* DiceRollHistoryStore.swift */ = {isa = PBXFileReference; lastKnownFileType = sourcecode.swift; path = DiceRollHistoryStore.swift; sourceTree = "<group>"; };
		C0DE00102F44012000D1CE00 /* DiceTelemetry.swift */ = {isa = PBXFileReference; lastKnownFileType = sourcecode.swift; path = DiceTelemetry.swift; sourceTree = "<group>"; };
		C0DE00122F44014200D1CE00 /* DiceViewModel.swift */ = {isa = PBXFileReference; lastKnownFileType = sourcecode.swift; path = DiceViewModel.swift; sourceTree = "<group>"; };
		C0DE00322F44035300D1CE00 /* DiceTheme.swift */ = {isa = PBXFileReference; lastKnownFileType = sourcecode.swift; path = DiceTheme.swift; sourceTree = "<group>"; };
		C0DE00342F4403A100D1CE00 /* DiceTableTexture.swift */ = {isa = PBXFileReference; lastKnownFileType = sourcecode.swift; path = DiceTableTexture.swift; sourceTree = "<group>"; };
		C0DE00362F4404DA00D1CE00 /* DiceDieFinish.swift */ = {isa = PBXFileReference; lastKnownFileType = sourcecode.swift; path = DiceDieFinish.swift; sourceTree = "<group>"; };
		C0DE00382F4406AF00D1CE00 /* DiceFaceContrast.swift */ = {isa = PBXFileReference; lastKnownFileType = sourcecode.swift; path = DiceFaceContrast.swift; sourceTree = "<group>"; };
		C0DE003B2F4407DD00D1CE00 /* DiceDieColorPreferences.swift */ = {isa = PBXFileReference; lastKnownFileType = sourcecode.swift; path = DiceDieColorPreferences.swift; sourceTree = "<group>"; };
		C0DE003D2F4408A100D1CE00 /* DiceD6PipStyle.swift */ = {isa = PBXFileReference; lastKnownFileType = sourcecode.swift; path = DiceD6PipStyle.swift; sourceTree = "<group>"; };
		C0DE00402F44092300D1CE00 /* DiceFaceNumeralFont.swift */ = {isa = PBXFileReference; lastKnownFileType = sourcecode.swift; path = DiceFaceNumeralFont.swift; sourceTree = "<group>"; };
			C0DE00432F440A7100D1CE00 /* DiceBoardCameraPreset.swift */ = {isa = PBXFileReference; lastKnownFileType = sourcecode.swift; path = DiceBoardCameraPreset.swift; sourceTree = "<group>"; };
			C0DE00452F440B8700D1CE00 /* DiceAnimationIntensity.swift */ = {isa = PBXFileReference; lastKnownFileType = sourcecode.swift; path = DiceAnimationIntensity.swift; sourceTree = "<group>"; };
			C0DE00472F440C4900D1CE00 /* DiceBoardLayoutPreset.swift */ = {isa = PBXFileReference; lastKnownFileType = sourcecode.swift; path = DiceBoardLayoutPreset.swift; sourceTree = "<group>"; };
			C0DE00502F44C00100D1CE00 /* DiceLightingAngle.swift */ = {isa = PBXFileReference; lastKnownFileType = sourcecode.swift; path = DiceLightingAngle.swift; sourceTree = "<group>"; };
			C0DE00522F44C00200D1CE00 /* DiceLightingDirectionResolver.swift */ = {isa = PBXFileReference; lastKnownFileType = sourcecode.swift; path = DiceLightingDirectionResolver.swift; sourceTree = "<group>"; };
			C0DE004D2F44A00100D1CE00 /* DiceFaceLabelSizing.swift */ = {isa = PBXFileReference; lastKnownFileType = sourcecode.swift; path = DiceFaceLabelSizing.swift; sourceTree = "<group>"; };
		C0DE004F2F44A20100D1CE00 /* DiceMotionBehaviorProfile.swift */ = {isa = PBXFileReference; lastKnownFileType = sourcecode.swift; path = DiceMotionBehaviorProfile.swift; sourceTree = "<group>"; };
		C0DE00302F44033100D1CE00 /* Localizable.strings */ = {isa = PBXFileReference; lastKnownFileType = text.plist.strings; name = Localizable.strings; path = en.lproj/Localizable.strings; sourceTree = "<group>"; };
		QA0100022F57000100D1CE00 /* InfoPlist.strings */ = {isa = PBXFileReference; lastKnownFileType = text.plist.strings; name = InfoPlist.strings; path = en.lproj/InfoPlist.strings; sourceTree = "<group>"; };
		C0DE00142F44016400D1CE00 /* WatchRollViewModel.swift */ = {isa = PBXFileReference; lastKnownFileType = sourcecode.swift; path = WatchRollViewModel.swift; sourceTree = "<group>"; };
		D1CE10022F50000200D1CE00 /* DiceHapticsEngine.swift */ = {isa = PBXFileReference; lastKnownFileType = sourcecode.swift; path = DiceHapticsEngine.swift; sourceTree = "<group>"; };
		D1CE10042F50000400D1CE00 /* DiceOptionsSheetViewController.swift */ = {isa = PBXFileReference; lastKnownFileType = sourcecode.swift; path = DiceOptionsSheetViewController.swift; sourceTree = "<group>"; };
		D1CE10052F50000500D1CE00 /* DiceOptionsSectionBuilder.swift */ = {isa = PBXFileReference; lastKnownFileType = sourcecode.swift; path = DiceOptionsSectionBuilder.swift; sourceTree = "<group>"; };
		D3CE10012F5A000100D1CE00 /* DieInspectorSheetViewController.swift */ = {isa = PBXFileReference; lastKnownFileType = sourcecode.swift; path = DieInspectorSheetViewController.swift; sourceTree = "<group>"; };
		D1CE10072F50000700D1CE00 /* DiceSoundEngine.swift */ = {isa = PBXFileReference; lastKnownFileType = sourcecode.swift; path = DiceSoundEngine.swift; sourceTree = "<group>"; };
		D1CE10082F50000800D1CE00 /* DiceAudioFormatResolver.swift */ = {isa = PBXFileReference; lastKnownFileType = sourcecode.swift; path = DiceAudioFormatResolver.swift; sourceTree = "<group>"; };
		D1CE100B2F50000B00D1CE00 /* HistoryRowFormatter.swift */ = {isa = PBXFileReference; lastKnownFileType = sourcecode.swift; path = HistoryRowFormatter.swift; sourceTree = "<group>"; };
		D1CE100C2F50000C00D1CE00 /* HistorySummaryCardRenderer.swift */ = {isa = PBXFileReference; lastKnownFileType = sourcecode.swift; path = HistorySummaryCardRenderer.swift; sourceTree = "<group>"; };
		D1CE100D2F50000D00D1CE00 /* PresetManagerViewController.swift */ = {isa = PBXFileReference; lastKnownFileType = sourcecode.swift; path = PresetManagerViewController.swift; sourceTree = "<group>"; };
		D1CE100E2F50000E00D1CE00 /* PresetPickerViewController.swift */ = {isa = PBXFileReference; lastKnownFileType = sourcecode.swift; path = PresetPickerViewController.swift; sourceTree = "<group>"; };
		D1CE100F2F50000F00D1CE00 /* RollHistoryViewController.swift */ = {isa = PBXFileReference; lastKnownFileType = sourcecode.swift; path = RollHistoryViewController.swift; sourceTree = "<group>"; };
		AACE00022F58000200D1CE00 /* RollDistributionSheetViewController.swift */ = {isa = PBXFileReference; lastKnownFileType = sourcecode.swift; path = RollDistributionSheetViewController.swift; sourceTree = "<group>"; };
		D2CE10012F51000100D1CE00 /* D6FaceOrientation.swift */ = {isa = PBXFileReference; lastKnownFileType = sourcecode.swift; path = D6FaceOrientation.swift; sourceTree = "<group>"; };
		D2CE10022F51000200D1CE00 /* D6SceneKitRenderConfig.swift */ = {isa = PBXFileReference; lastKnownFileType = sourcecode.swift; path = D6SceneKitRenderConfig.swift; sourceTree = "<group>"; };
		D2CE10032F51000300D1CE00 /* DiceDieColorPreset.swift */ = {isa = PBXFileReference; lastKnownFileType = sourcecode.swift; path = DiceDieColorPreset.swift; sourceTree = "<group>"; };
		D2CE10042F51000400D1CE00 /* DiceInputError.swift */ = {isa = PBXFileReference; lastKnownFileType = sourcecode.swift; path = DiceInputError.swift; sourceTree = "<group>"; };
		D2CE10052F51000500D1CE00 /* DicePool.swift */ = {isa = PBXFileReference; lastKnownFileType = sourcecode.swift; path = DicePool.swift; sourceTree = "<group>"; };
		D2CE10062F51000600D1CE00 /* DiceSavedPreset.swift */ = {isa = PBXFileReference; lastKnownFileType = sourcecode.swift; path = DiceSavedPreset.swift; sourceTree = "<group>"; };
		D2CE10072F51000700D1CE00 /* DiceSoundPack.swift */ = {isa = PBXFileReference; lastKnownFileType = sourcecode.swift; path = DiceSoundPack.swift; sourceTree = "<group>"; };
		D2CE10082F51000800D1CE00 /* DiceStats.swift */ = {isa = PBXFileReference; lastKnownFileType = sourcecode.swift; path = DiceStats.swift; sourceTree = "<group>"; };
		D2CE100A2F51000A00D1CE00 /* DiceThemePalette.swift */ = {isa = PBXFileReference; lastKnownFileType = sourcecode.swift; path = DiceThemePalette.swift; sourceTree = "<group>"; };
		D2CE100B2F51000B00D1CE00 /* DiceUserPreferences.swift */ = {isa = PBXFileReference; lastKnownFileType = sourcecode.swift; path = DiceUserPreferences.swift; sourceTree = "<group>"; };
		D2CE100C2F51000C00D1CE00 /* FaceContrastStyle.swift */ = {isa = PBXFileReference; lastKnownFileType = sourcecode.swift; path = FaceContrastStyle.swift; sourceTree = "<group>"; };
		D2CE100D2F51000D00D1CE00 /* IntuitiveRollContext.swift */ = {isa = PBXFileReference; lastKnownFileType = sourcecode.swift; path = IntuitiveRollContext.swift; sourceTree = "<group>"; };
		D2CE100E2F51000E00D1CE00 /* RollConfiguration.swift */ = {isa = PBXFileReference; lastKnownFileType = sourcecode.swift; path = RollConfiguration.swift; sourceTree = "<group>"; };
		D2CE100F2F51000F00D1CE00 /* RollHistogram.swift */ = {isa = PBXFileReference; lastKnownFileType = sourcecode.swift; path = RollHistogram.swift; sourceTree = "<group>"; };
		D2CE10102F51001000D1CE00 /* RollHistoryDateRangeFilter.swift */ = {isa = PBXFileReference; lastKnownFileType = sourcecode.swift; path = RollHistoryDateRangeFilter.swift; sourceTree = "<group>"; };
		D2CE10112F51001100D1CE00 /* RollHistoryEntry.swift */ = {isa = PBXFileReference; lastKnownFileType = sourcecode.swift; path = RollHistoryEntry.swift; sourceTree = "<group>"; };
		D2CE10122F51001200D1CE00 /* RollHistoryExportFormat.swift */ = {isa = PBXFileReference; lastKnownFileType = sourcecode.swift; path = RollHistoryExportFormat.swift; sourceTree = "<group>"; };
		D2CE10132F51001300D1CE00 /* RollHistoryExporter.swift */ = {isa = PBXFileReference; lastKnownFileType = sourcecode.swift; path = RollHistoryExporter.swift; sourceTree = "<group>"; };
		D2CE10142F51001400D1CE00 /* RollHistoryFilter.swift */ = {isa = PBXFileReference; lastKnownFileType = sourcecode.swift; path = RollHistoryFilter.swift; sourceTree = "<group>"; };
		D2CE10152F51001500D1CE00 /* RollHistoryIndicators.swift */ = {isa = PBXFileReference; lastKnownFileType = sourcecode.swift; path = RollHistoryIndicators.swift; sourceTree = "<group>"; };
		D2CE10162F51001600D1CE00 /* RollHistoryModeFilter.swift */ = {isa = PBXFileReference; lastKnownFileType = sourcecode.swift; path = RollHistoryModeFilter.swift; sourceTree = "<group>"; };
		D2CE10172F51001700D1CE00 /* RollOutcome.swift */ = {isa = PBXFileReference; lastKnownFileType = sourcecode.swift; path = RollOutcome.swift; sourceTree = "<group>"; };
		D2CE10182F51001800D1CE00 /* RollSessionSummary.swift */ = {isa = PBXFileReference; lastKnownFileType = sourcecode.swift; path = RollSessionSummary.swift; sourceTree = "<group>"; };
		D2CE10192F51001900D1CE00 /* D6BeveledCubeGeometry.swift */ = {isa = PBXFileReference; lastKnownFileType = sourcecode.swift; path = D6BeveledCubeGeometry.swift; sourceTree = "<group>"; };
		D5CE10012F53000100D1CE00 /* DiceRollDistributionChartView.swift */ = {isa = PBXFileReference; lastKnownFileType = sourcecode.swift; path = DiceRollDistributionChartView.swift; sourceTree = "<group>"; };
		E0CE10012F54000100D1CE00 /* DiceShaderModifierSourceLoader.swift */ = {isa = PBXFileReference; lastKnownFileType = sourcecode.swift; path = DiceShaderModifierSourceLoader.swift; sourceTree = "<group>"; };
		E0CE10022F54000200D1CE00 /* DiceSurfaceBaseShader.metal */ = {isa = PBXFileReference; lastKnownFileType = text; path = DiceSurfaceBaseShader.metal; sourceTree = "<group>"; };
		E0CE10032F54000300D1CE00 /* DiceSurfaceStoneShader.metal */ = {isa = PBXFileReference; lastKnownFileType = text; path = DiceSurfaceStoneShader.metal; sourceTree = "<group>"; };
		E1CE10042F59000400D1CE00 /* DiceTableSurfaceShader.metal */ = {isa = PBXFileReference; lastKnownFileType = text; path = DiceTableSurfaceShader.metal; sourceTree = "<group>"; };
		F1CE10012F55000100D1CE00 /* DiceWidgetSnapshotStore.swift */ = {isa = PBXFileReference; lastKnownFileType = sourcecode.swift; path = DiceWidgetSnapshotStore.swift; sourceTree = "<group>"; };
		F2CE10012F56010100D1CE00 /* DiceAppRoute.swift */ = {isa = PBXFileReference; lastKnownFileType = sourcecode.swift; path = DiceAppRoute.swift; sourceTree = "<group>"; };
		F3CE10012F56020100D1CE00 /* DiceWidgetTimelinePolicy.swift */ = {isa = PBXFileReference; lastKnownFileType = sourcecode.swift; path = DiceWidgetTimelinePolicy.swift; sourceTree = "<group>"; };
		QA0200022F57000100D1CE00 /* DiceQuickActionManager.swift */ = {isa = PBXFileReference; lastKnownFileType = sourcecode.swift; path = DiceQuickActionManager.swift; sourceTree = "<group>"; };
		W40000012F56000100D1CE00 /* Dice Widgets Extension.appex */ = {isa = PBXFileReference; explicitFileType = "wrapper.app-extension"; includeInIndex = 0; path = "Dice Widgets Extension.appex"; sourceTree = BUILT_PRODUCTS_DIR; };
		W40000022F56000200D1CE00 /* DiceWidgetsBundle.swift */ = {isa = PBXFileReference; lastKnownFileType = sourcecode.swift; path = DiceWidgetsBundle.swift; sourceTree = "<group>"; };
		W40000032F56000300D1CE00 /* DiceRollWidget.swift */ = {isa = PBXFileReference; lastKnownFileType = sourcecode.swift; path = DiceRollWidget.swift; sourceTree = "<group>"; };
		W40000042F56000400D1CE00 /* Info.plist */ = {isa = PBXFileReference; lastKnownFileType = text.plist.xml; path = Info.plist; sourceTree = "<group>"; };
/* End PBXFileReference section */

/* Begin PBXFrameworksBuildPhase section */
		B50B44CA215D803C00A6399B /* Frameworks */ = {
			isa = PBXFrameworksBuildPhase;
			buildActionMask = 2147483647;
			files = (
			);
			runOnlyForDeploymentPostprocessing = 0;
		};
		B50B44DE215D804100A6399B /* Frameworks */ = {
			isa = PBXFrameworksBuildPhase;
			buildActionMask = 2147483647;
			files = (
			);
			runOnlyForDeploymentPostprocessing = 0;
		};
		B50B44E9215D804100A6399B /* Frameworks */ = {
			isa = PBXFrameworksBuildPhase;
			buildActionMask = 2147483647;
			files = (
			);
			runOnlyForDeploymentPostprocessing = 0;
		};
		B50B4501215D804200A6399B /* Frameworks */ = {
			isa = PBXFrameworksBuildPhase;
			buildActionMask = 2147483647;
			files = (
			);
			runOnlyForDeploymentPostprocessing = 0;
		};
		W50000012F56000100D1CE00 /* Frameworks */ = {
			isa = PBXFrameworksBuildPhase;
			buildActionMask = 2147483647;
			files = (
			);
			runOnlyForDeploymentPostprocessing = 0;
		};
/* End PBXFrameworksBuildPhase section */

/* Begin PBXGroup section */
		B50B44C4215D803C00A6399B = {
			isa = PBXGroup;
			children = (
				B50B44CF215D803D00A6399B /* Dice */,
				B50B44E4215D804100A6399B /* DiceTests */,
				B50B44EF215D804100A6399B /* DiceUITests */,
				B50B44F9215D804200A6399B /* Dice WatchKit App */,
				B50B4508215D804200A6399B /* Dice WatchKit Extension */,
				W60000012F56000100D1CE00 /* Dice Widgets */,
				B50B44CE215D803D00A6399B /* Products */,
			);
			sourceTree = "<group>";
		};
		B50B44CE215D803D00A6399B /* Products */ = {
			isa = PBXGroup;
			children = (
				B50B44CD215D803D00A6399B /* Dice.app */,
				B50B44E1215D804100A6399B /* DiceTests.xctest */,
				B50B44EC215D804100A6399B /* DiceUITests.xctest */,
				B50B44F5215D804200A6399B /* Dice WatchKit App.app */,
				B50B4504215D804200A6399B /* Dice WatchKit Extension.appex */,
				W40000012F56000100D1CE00 /* Dice Widgets Extension.appex */,
			);
			name = Products;
			sourceTree = "<group>";
		};
		B50B44CF215D803D00A6399B /* Dice */ = {
			isa = PBXGroup;
			children = (
				B50B44D0215D803D00A6399B /* AppDelegate.swift */,
				B50B44D0215D803D00A6399A /* SceneDelegate.swift */,
				B50B44D2215D803D00A6399B /* ViewController.swift */,
				C0DE00002F44000100D1CE00 /* DiceNotationParser.swift */,
				C0DE00022F44003200D1CE00 /* TrueRandomRoller.swift */,
				C0DE00042F44005400D1CE00 /* IntuitiveRoller.swift */,
				C0DE00062F44007600D1CE00 /* DiceRollSession.swift */,
				C0DE00082F44009800D1CE00 /* DiceAppState.swift */,
				C0DE000A2F4400BA00D1CE00 /* DicePreferencesStore.swift */,
				C0DE000C2F4400DC00D1CE00 /* DiceRollHistory.swift */,
				C0DE00492F44720100D1CE00 /* DiceRollHistoryAnalytics.swift */,
				C0DE000E2F4400FE00D1CE00 /* DiceRollHistoryStore.swift */,
				C0DE00102F44012000D1CE00 /* DiceTelemetry.swift */,
				C0DE00122F44014200D1CE00 /* DiceViewModel.swift */,
				C0DE00322F44035300D1CE00 /* DiceTheme.swift */,
				C0DE00342F4403A100D1CE00 /* DiceTableTexture.swift */,
				C0DE00362F4404DA00D1CE00 /* DiceDieFinish.swift */,
				C0DE00382F4406AF00D1CE00 /* DiceFaceContrast.swift */,
				C0DE003B2F4407DD00D1CE00 /* DiceDieColorPreferences.swift */,
				C0DE003D2F4408A100D1CE00 /* DiceD6PipStyle.swift */,
				C0DE00402F44092300D1CE00 /* DiceFaceNumeralFont.swift */,
				C0DE00432F440A7100D1CE00 /* DiceBoardCameraPreset.swift */,
				C0DE00452F440B8700D1CE00 /* DiceAnimationIntensity.swift */,
				C0DE00472F440C4900D1CE00 /* DiceBoardLayoutPreset.swift */,
				C0DE00502F44C00100D1CE00 /* DiceLightingAngle.swift */,
				C0DE00522F44C00200D1CE00 /* DiceLightingDirectionResolver.swift */,
				C0DE004D2F44A00100D1CE00 /* DiceFaceLabelSizing.swift */,
				C0DE004F2F44A20100D1CE00 /* DiceMotionBehaviorProfile.swift */,
				C0DE00142F44016400D1CE00 /* WatchRollViewModel.swift */,
				A1CE10012F5B000100D1CE00 /* WatchSingleDieConfigurationSyncBridge.swift */,
				A3CE10012F5C100100D1CE00 /* DiceSingleDieSceneGeometryFactory.swift */,
				B57DA5B92F4228E00057BC3A /* DiceCubeView.swift */,
				D1CE100B2F50000B00D1CE00 /* HistoryRowFormatter.swift */,
				D1CE100C2F50000C00D1CE00 /* HistorySummaryCardRenderer.swift */,
				D1CE10042F50000400D1CE00 /* DiceOptionsSheetViewController.swift */,
				D3CE10012F5A000100D1CE00 /* DieInspectorSheetViewController.swift */,
				D1CE10052F50000500D1CE00 /* DiceOptionsSectionBuilder.swift */,
				D1CE10072F50000700D1CE00 /* DiceSoundEngine.swift */,
				D1CE10082F50000800D1CE00 /* DiceAudioFormatResolver.swift */,
				D1CE10022F50000200D1CE00 /* DiceHapticsEngine.swift */,
				D1CE100E2F50000E00D1CE00 /* PresetPickerViewController.swift */,
				D1CE100D2F50000D00D1CE00 /* PresetManagerViewController.swift */,
				D5CE10012F53000100D1CE00 /* DiceRollDistributionChartView.swift */,
				AACE00022F58000200D1CE00 /* RollDistributionSheetViewController.swift */,
				E0CE10022F54000200D1CE00 /* DiceSurfaceBaseShader.metal */,
				E0CE10032F54000300D1CE00 /* DiceSurfaceStoneShader.metal */,
				E1CE10042F59000400D1CE00 /* DiceTableSurfaceShader.metal */,
				D1CE100F2F50000F00D1CE00 /* RollHistoryViewController.swift */,
				D2CE10012F51000100D1CE00 /* D6FaceOrientation.swift */,
				D2CE10022F51000200D1CE00 /* D6SceneKitRenderConfig.swift */,
				D2CE10032F51000300D1CE00 /* DiceDieColorPreset.swift */,
				D2CE10042F51000400D1CE00 /* DiceInputError.swift */,
				D2CE10052F51000500D1CE00 /* DicePool.swift */,
				D2CE10062F51000600D1CE00 /* DiceSavedPreset.swift */,
				D2CE10072F51000700D1CE00 /* DiceSoundPack.swift */,
				D2CE10082F51000800D1CE00 /* DiceStats.swift */,
				D2CE100A2F51000A00D1CE00 /* DiceThemePalette.swift */,
				D2CE100B2F51000B00D1CE00 /* DiceUserPreferences.swift */,
				D2CE100C2F51000C00D1CE00 /* FaceContrastStyle.swift */,
				D2CE100D2F51000D00D1CE00 /* IntuitiveRollContext.swift */,
				D2CE100E2F51000E00D1CE00 /* RollConfiguration.swift */,
				D2CE100F2F51000F00D1CE00 /* RollHistogram.swift */,
				D2CE10102F51001000D1CE00 /* RollHistoryDateRangeFilter.swift */,
				D2CE10112F51001100D1CE00 /* RollHistoryEntry.swift */,
				D2CE10122F51001200D1CE00 /* RollHistoryExportFormat.swift */,
				D2CE10132F51001300D1CE00 /* RollHistoryExporter.swift */,
				D2CE10142F51001400D1CE00 /* RollHistoryFilter.swift */,
				D2CE10152F51001500D1CE00 /* RollHistoryIndicators.swift */,
				D2CE10162F51001600D1CE00 /* RollHistoryModeFilter.swift */,
				D2CE10172F51001700D1CE00 /* RollOutcome.swift */,
				D2CE10182F51001800D1CE00 /* RollSessionSummary.swift */,
				D2CE10192F51001900D1CE00 /* D6BeveledCubeGeometry.swift */,
				F1CE10012F55000100D1CE00 /* DiceWidgetSnapshotStore.swift */,
				F2CE10012F56010100D1CE00 /* DiceAppRoute.swift */,
				QA0200022F57000100D1CE00 /* DiceQuickActionManager.swift */,
				F3CE10012F56020100D1CE00 /* DiceWidgetTimelinePolicy.swift */,
				E0CE10012F54000100D1CE00 /* DiceShaderModifierSourceLoader.swift */,
				B50B44D4215D803D00A6399B /* Main.storyboard */,
				B50B44D7215D804100A6399B /* Assets.xcassets */,
				B50B44D9215D804100A6399B /* LaunchScreen.storyboard */,
				C0DE00302F44033100D1CE00 /* Localizable.strings */,
				QA0100022F57000100D1CE00 /* InfoPlist.strings */,
				B50B44DC215D804100A6399B /* Info.plist */,
			);
			path = Dice;
			sourceTree = "<group>";
		};
		B50B44E4215D804100A6399B /* DiceTests */ = {
			isa = PBXGroup;
			children = (
				B50B44E5215D804100A6399B /* DiceTests.swift */,
				B50B44E7215D804100A6399B /* Info.plist */,
			);
			path = DiceTests;
			sourceTree = "<group>";
		};
		B50B44EF215D804100A6399B /* DiceUITests */ = {
			isa = PBXGroup;
			children = (
				B50B44F0215D804100A6399B /* DiceUITests.swift */,
				B50B44F2215D804100A6399B /* Info.plist */,
			);
			path = DiceUITests;
			sourceTree = "<group>";
		};
		B50B44F9215D804200A6399B /* Dice WatchKit App */ = {
			isa = PBXGroup;
			children = (
				B50B44FA215D804200A6399B /* Interface.storyboard */,
				B50B44FD215D804200A6399B /* Assets.xcassets */,
				B50B44FF215D804200A6399B /* Info.plist */,
			);
			path = "Dice WatchKit App";
			sourceTree = "<group>";
		};
		B50B4508215D804200A6399B /* Dice WatchKit Extension */ = {
			isa = PBXGroup;
			children = (
				B50B4509215D804200A6399B /* InterfaceController.swift */,
				B50B450B215D804200A6399B /* ExtensionDelegate.swift */,
				B50B450D215D804200A6399B /* NotificationController.swift */,
				B50B450F215D804300A6399B /* Assets.xcassets */,
				B50B4511215D804300A6399B /* Info.plist */,
				B50B4512215D804300A6399B /* PushNotificationPayload.apns */,
			);
			path = "Dice WatchKit Extension";
			sourceTree = "<group>";
		};
		W60000012F56000100D1CE00 /* Dice Widgets */ = {
			isa = PBXGroup;
			children = (
				W40000022F56000200D1CE00 /* DiceWidgetsBundle.swift */,
				W40000032F56000300D1CE00 /* DiceRollWidget.swift */,
				W40000042F56000400D1CE00 /* Info.plist */,
			);
			path = "Dice Widgets";
			sourceTree = "<group>";
		};
/* End PBXGroup section */

/* Begin PBXNativeTarget section */
		B50B44CC215D803C00A6399B /* Dice */ = {
			isa = PBXNativeTarget;
			buildConfigurationList = B50B451D215D804300A6399B /* Build configuration list for PBXNativeTarget "Dice" */;
			buildPhases = (
				B50B44C9215D803C00A6399B /* Sources */,
				B50B44CA215D803C00A6399B /* Frameworks */,
				B50B44CB215D803C00A6399B /* Resources */,
				B50B451C215D804300A6399B /* Embed Watch Content */,
				W30000012F56000100D1CE00 /* Embed App Extensions */,
			);
			buildRules = (
			);
			dependencies = (
				WA0000012F56000100D1CE00 /* PBXTargetDependency */,
			);
			name = Dice;
			productName = Dice;
			productReference = B50B44CD215D803D00A6399B /* Dice.app */;
			productType = "com.apple.product-type.application";
		};
		B50B44E0215D804100A6399B /* DiceTests */ = {
			isa = PBXNativeTarget;
			buildConfigurationList = B50B4520215D804300A6399B /* Build configuration list for PBXNativeTarget "DiceTests" */;
			buildPhases = (
				B50B44DD215D804100A6399B /* Sources */,
				B50B44DE215D804100A6399B /* Frameworks */,
				B50B44DF215D804100A6399B /* Resources */,
			);
			buildRules = (
			);
			dependencies = (
				B50B44E3215D804100A6399B /* PBXTargetDependency */,
			);
			name = DiceTests;
			productName = DiceTests;
			productReference = B50B44E1215D804100A6399B /* DiceTests.xctest */;
			productType = "com.apple.product-type.bundle.unit-test";
		};
		B50B44EB215D804100A6399B /* DiceUITests */ = {
			isa = PBXNativeTarget;
			buildConfigurationList = B50B4523215D804300A6399B /* Build configuration list for PBXNativeTarget "DiceUITests" */;
			buildPhases = (
				B50B44E8215D804100A6399B /* Sources */,
				B50B44E9215D804100A6399B /* Frameworks */,
				B50B44EA215D804100A6399B /* Resources */,
			);
			buildRules = (
			);
			dependencies = (
				B50B44EE215D804100A6399B /* PBXTargetDependency */,
			);
			name = DiceUITests;
			productName = DiceUITests;
			productReference = B50B44EC215D804100A6399B /* DiceUITests.xctest */;
			productType = "com.apple.product-type.bundle.ui-testing";
		};
		B50B44F4215D804100A6399B /* Dice WatchKit App */ = {
			isa = PBXNativeTarget;
			buildConfigurationList = B50B4519215D804300A6399B /* Build configuration list for PBXNativeTarget "Dice WatchKit App" */;
			buildPhases = (
				B50B44F3215D804100A6399B /* Resources */,
				B50B4518215D804300A6399B /* Embed App Extensions */,
			);
			buildRules = (
			);
			dependencies = (
				B50B4507215D804200A6399B /* PBXTargetDependency */,
			);
			name = "Dice WatchKit App";
			productName = "Dice WatchKit App";
			productReference = B50B44F5215D804200A6399B /* Dice WatchKit App.app */;
			productType = "com.apple.product-type.application.watchapp2";
		};
		B50B4503215D804200A6399B /* Dice WatchKit Extension */ = {
			isa = PBXNativeTarget;
			buildConfigurationList = B50B4515215D804300A6399B /* Build configuration list for PBXNativeTarget "Dice WatchKit Extension" */;
			buildPhases = (
				B50B4500215D804200A6399B /* Sources */,
				B50B4501215D804200A6399B /* Frameworks */,
				B50B4502215D804200A6399B /* Resources */,
			);
			buildRules = (
			);
			dependencies = (
			);
			name = "Dice WatchKit Extension";
			productName = "Dice WatchKit Extension";
			productReference = B50B4504215D804200A6399B /* Dice WatchKit Extension.appex */;
			productType = "com.apple.product-type.watchkit2-extension";
		};
		W70000012F56000100D1CE00 /* Dice Widgets Extension */ = {
			isa = PBXNativeTarget;
			buildConfigurationList = WC0000012F56000100D1CE00 /* Build configuration list for PBXNativeTarget "Dice Widgets Extension" */;
			buildPhases = (
				W90000012F56000100D1CE00 /* Sources */,
				W50000012F56000100D1CE00 /* Frameworks */,
				W80000012F56000100D1CE00 /* Resources */,
			);
			buildRules = (
			);
			dependencies = (
			);
			name = "Dice Widgets Extension";
			productName = "Dice Widgets Extension";
			productReference = W40000012F56000100D1CE00 /* Dice Widgets Extension.appex */;
			productType = "com.apple.product-type.app-extension";
		};
/* End PBXNativeTarget section */

/* Begin PBXProject section */
		B50B44C5215D803C00A6399B /* Project object */ = {
			isa = PBXProject;
			attributes = {
				LastSwiftUpdateCheck = 1600;
				LastUpgradeCheck = 1600;
				ORGANIZATIONNAME = "Ben Wheatley";
				TargetAttributes = {
					B50B44CC215D803C00A6399B = {
						CreatedOnToolsVersion = 10.0;
					};
					B50B44E0215D804100A6399B = {
						CreatedOnToolsVersion = 10.0;
						TestTargetID = B50B44CC215D803C00A6399B;
					};
					B50B44EB215D804100A6399B = {
						CreatedOnToolsVersion = 10.0;
						TestTargetID = B50B44CC215D803C00A6399B;
					};
					B50B44F4215D804100A6399B = {
						CreatedOnToolsVersion = 10.0;
					};
					B50B4503215D804200A6399B = {
						CreatedOnToolsVersion = 10.0;
					};
					W70000012F56000100D1CE00 = {
						CreatedOnToolsVersion = 16.0;
					};
				};
			};
			buildConfigurationList = B50B44C8215D803C00A6399B /* Build configuration list for PBXProject "Dice" */;
			compatibilityVersion = "Xcode 9.3";
			developmentRegion = en;
			hasScannedForEncodings = 0;
			knownRegions = (
				en,
				Base,
			);
			mainGroup = B50B44C4215D803C00A6399B;
			productRefGroup = B50B44CE215D803D00A6399B /* Products */;
			projectDirPath = "";
			projectRoot = "";
			targets = (
				B50B44CC215D803C00A6399B /* Dice */,
				B50B44E0215D804100A6399B /* DiceTests */,
				B50B44EB215D804100A6399B /* DiceUITests */,
				B50B44F4215D804100A6399B /* Dice WatchKit App */,
				B50B4503215D804200A6399B /* Dice WatchKit Extension */,
				W70000012F56000100D1CE00 /* Dice Widgets Extension */,
			);
		};
/* End PBXProject section */

/* Begin PBXResourcesBuildPhase section */
		B50B44CB215D803C00A6399B /* Resources */ = {
			isa = PBXResourcesBuildPhase;
			buildActionMask = 2147483647;
			files = (
				E0CE00032F54000300D1CE00 /* DiceSurfaceStoneShader.metal in Resources */,
				E0CE00022F54000200D1CE00 /* DiceSurfaceBaseShader.metal in Resources */,
				E1CE00042F59000400D1CE00 /* DiceTableSurfaceShader.metal in Resources */,
				B50B44DB215D804100A6399B /* LaunchScreen.storyboard in Resources */,
				B50B44D8215D804100A6399B /* Assets.xcassets in Resources */,
				C0DE00312F44033100D1CE00 /* Localizable.strings in Resources */,
				QA0100012F57000100D1CE00 /* InfoPlist.strings in Resources */,
				B50B44D6215D803D00A6399B /* Main.storyboard in Resources */,
			);
			runOnlyForDeploymentPostprocessing = 0;
		};
		B50B44DF215D804100A6399B /* Resources */ = {
			isa = PBXResourcesBuildPhase;
			buildActionMask = 2147483647;
			files = (
			);
			runOnlyForDeploymentPostprocessing = 0;
		};
		B50B44EA215D804100A6399B /* Resources */ = {
			isa = PBXResourcesBuildPhase;
			buildActionMask = 2147483647;
			files = (
			);
			runOnlyForDeploymentPostprocessing = 0;
		};
		B50B44F3215D804100A6399B /* Resources */ = {
			isa = PBXResourcesBuildPhase;
			buildActionMask = 2147483647;
			files = (
				B50B44FE215D804200A6399B /* Assets.xcassets in Resources */,
				B50B44FC215D804200A6399B /* Interface.storyboard in Resources */,
				A2CE11032F5C000100D1CE00 /* DiceTableSurfaceShader.metal in Resources */,
			);
			runOnlyForDeploymentPostprocessing = 0;
		};
		B50B4502215D804200A6399B /* Resources */ = {
			isa = PBXResourcesBuildPhase;
			buildActionMask = 2147483647;
			files = (
				B50B4510215D804300A6399B /* Assets.xcassets in Resources */,
			);
			runOnlyForDeploymentPostprocessing = 0;
		};
		W80000012F56000100D1CE00 /* Resources */ = {
			isa = PBXResourcesBuildPhase;
			buildActionMask = 2147483647;
			files = (
			);
			runOnlyForDeploymentPostprocessing = 0;
		};
/* End PBXResourcesBuildPhase section */

/* Begin PBXSourcesBuildPhase section */
		B50B44C9215D803C00A6399B /* Sources */ = {
			isa = PBXSourcesBuildPhase;
			buildActionMask = 2147483647;
			files = (
				C0DE00132F44014200D1CE00 /* DiceViewModel.swift in Sources */,
				C0DE00152F44016400D1CE00 /* WatchRollViewModel.swift in Sources */,
				A1CE11012F5B000100D1CE00 /* WatchSingleDieConfigurationSyncBridge.swift in Sources */,
				A3CE11012F5C100100D1CE00 /* DiceSingleDieSceneGeometryFactory.swift in Sources */,
				C0DE00332F44035300D1CE00 /* DiceTheme.swift in Sources */,
				C0DE00352F4403A100D1CE00 /* DiceTableTexture.swift in Sources */,
				C0DE00372F4404DA00D1CE00 /* DiceDieFinish.swift in Sources */,
				C0DE00392F4406AF00D1CE00 /* DiceFaceContrast.swift in Sources */,
				C0DE003C2F4407DD00D1CE00 /* DiceDieColorPreferences.swift in Sources */,
				C0DE003E2F4408A100D1CE00 /* DiceD6PipStyle.swift in Sources */,
				C0DE00412F44092300D1CE00 /* DiceFaceNumeralFont.swift in Sources */,
				C0DE00442F440A7100D1CE00 /* DiceBoardCameraPreset.swift in Sources */,
				C0DE00462F440B8700D1CE00 /* DiceAnimationIntensity.swift in Sources */,
				C0DE00482F440C4900D1CE00 /* DiceBoardLayoutPreset.swift in Sources */,
				C0DE00512F44C00100D1CE00 /* DiceLightingAngle.swift in Sources */,
				C0DE00532F44C00200D1CE00 /* DiceLightingDirectionResolver.swift in Sources */,
				C0DE004B2F44A00100D1CE00 /* DiceFaceLabelSizing.swift in Sources */,
				C0DE004E2F44A20100D1CE00 /* DiceMotionBehaviorProfile.swift in Sources */,
				C0DE00112F44012000D1CE00 /* DiceTelemetry.swift in Sources */,
				C0DE000F2F4400FE00D1CE00 /* DiceRollHistoryStore.swift in Sources */,
				C0DE000D2F4400DC00D1CE00 /* DiceRollHistory.swift in Sources */,
				C0DE004A2F44720100D1CE00 /* DiceRollHistoryAnalytics.swift in Sources */,
				C0DE000B2F4400BA00D1CE00 /* DicePreferencesStore.swift in Sources */,
				C0DE00092F44009800D1CE00 /* DiceAppState.swift in Sources */,
				C0DE00072F44007600D1CE00 /* DiceRollSession.swift in Sources */,
				C0DE00052F44005400D1CE00 /* IntuitiveRoller.swift in Sources */,
				C0DE00032F44003200D1CE00 /* TrueRandomRoller.swift in Sources */,
				C0DE00012F44000100D1CE00 /* DiceNotationParser.swift in Sources */,
				B57DA5BA2F4228E00057BC3A /* DiceCubeView.swift in Sources */,
				D1CE110B2F50000B00D1CE00 /* HistoryRowFormatter.swift in Sources */,
				D1CE110C2F50000C00D1CE00 /* HistorySummaryCardRenderer.swift in Sources */,
				D1CE11042F50000400D1CE00 /* DiceOptionsSheetViewController.swift in Sources */,
				D3CE11012F5A000100D1CE00 /* DieInspectorSheetViewController.swift in Sources */,
				D1CE11052F50000500D1CE00 /* DiceOptionsSectionBuilder.swift in Sources */,
				D1CE11072F50000700D1CE00 /* DiceSoundEngine.swift in Sources */,
				D1CE11082F50000800D1CE00 /* DiceAudioFormatResolver.swift in Sources */,
				D1CE11022F50000200D1CE00 /* DiceHapticsEngine.swift in Sources */,
				D1CE110E2F50000E00D1CE00 /* PresetPickerViewController.swift in Sources */,
				D1CE110D2F50000D00D1CE00 /* PresetManagerViewController.swift in Sources */,
				D5CE11012F53000100D1CE00 /* DiceRollDistributionChartView.swift in Sources */,
				AACE00012F58000100D1CE00 /* RollDistributionSheetViewController.swift in Sources */,
				E0CE00012F54000100D1CE00 /* DiceShaderModifierSourceLoader.swift in Sources */,
				F1CE00012F55000100D1CE00 /* DiceWidgetSnapshotStore.swift in Sources */,
				F2CE00012F56010100D1CE00 /* DiceAppRoute.swift in Sources */,
				QA0200012F57000100D1CE00 /* DiceQuickActionManager.swift in Sources */,
				F3CE00012F56020100D1CE00 /* DiceWidgetTimelinePolicy.swift in Sources */,
				D1CE110F2F50000F00D1CE00 /* RollHistoryViewController.swift in Sources */,
				D2CE11012F51000100D1CE00 /* D6FaceOrientation.swift in Sources */,
				D2CE11022F51000200D1CE00 /* D6SceneKitRenderConfig.swift in Sources */,
				D2CE11192F51001900D1CE00 /* D6BeveledCubeGeometry.swift in Sources */,
				D2CE11032F51000300D1CE00 /* DiceDieColorPreset.swift in Sources */,
				D2CE11042F51000400D1CE00 /* DiceInputError.swift in Sources */,
				D2CE11052F51000500D1CE00 /* DicePool.swift in Sources */,
				D2CE11062F51000600D1CE00 /* DiceSavedPreset.swift in Sources */,
				D2CE11072F51000700D1CE00 /* DiceSoundPack.swift in Sources */,
				D2CE11082F51000800D1CE00 /* DiceStats.swift in Sources */,
				D2CE110A2F51000A00D1CE00 /* DiceThemePalette.swift in Sources */,
				D2CE110B2F51000B00D1CE00 /* DiceUserPreferences.swift in Sources */,
				D2CE110C2F51000C00D1CE00 /* FaceContrastStyle.swift in Sources */,
				D2CE110D2F51000D00D1CE00 /* IntuitiveRollContext.swift in Sources */,
				D2CE110E2F51000E00D1CE00 /* RollConfiguration.swift in Sources */,
				D2CE110F2F51000F00D1CE00 /* RollHistogram.swift in Sources */,
				D2CE11102F51001000D1CE00 /* RollHistoryDateRangeFilter.swift in Sources */,
				D2CE11112F51001100D1CE00 /* RollHistoryEntry.swift in Sources */,
				D2CE11122F51001200D1CE00 /* RollHistoryExportFormat.swift in Sources */,
				D2CE11132F51001300D1CE00 /* RollHistoryExporter.swift in Sources */,
				D2CE11142F51001400D1CE00 /* RollHistoryFilter.swift in Sources */,
				D2CE11152F51001500D1CE00 /* RollHistoryIndicators.swift in Sources */,
				D2CE11162F51001600D1CE00 /* RollHistoryModeFilter.swift in Sources */,
				D2CE11172F51001700D1CE00 /* RollOutcome.swift in Sources */,
				D2CE11182F51001800D1CE00 /* RollSessionSummary.swift in Sources */,
				B50B44D3215D803D00A6399B /* ViewController.swift in Sources */,
				B50B44D2215D803D00A6399A /* SceneDelegate.swift in Sources */,
				B50B44D1215D803D00A6399B /* AppDelegate.swift in Sources */,
			);
			runOnlyForDeploymentPostprocessing = 0;
		};
		B50B44DD215D804100A6399B /* Sources */ = {
			isa = PBXSourcesBuildPhase;
			buildActionMask = 2147483647;
			files = (
				B50B44E6215D804100A6399B /* DiceTests.swift in Sources */,
			);
			runOnlyForDeploymentPostprocessing = 0;
		};
		B50B44E8215D804100A6399B /* Sources */ = {
			isa = PBXSourcesBuildPhase;
			buildActionMask = 2147483647;
			files = (
				B50B44F1215D804100A6399B /* DiceUITests.swift in Sources */,
			);
			runOnlyForDeploymentPostprocessing = 0;
		};
		B50B4500215D804200A6399B /* Sources */ = {
			isa = PBXSourcesBuildPhase;
			buildActionMask = 2147483647;
			files = (
				A2CE11022F5C000100D1CE00 /* DiceShaderModifierSourceLoader.swift in Sources */,
				A2CE11012F5C000100D1CE00 /* DiceTableTexture.swift in Sources */,
				C0DE003A2F4406C900D1CE00 /* DiceFaceContrast.swift in Sources */,
				C0DE002B2F44022B00D1CE00 /* FaceContrastStyle.swift in Sources */,
				C0DE003F2F4408AB00D1CE00 /* DiceD6PipStyle.swift in Sources */,
				C0DE00422F44092D00D1CE00 /* DiceFaceNumeralFont.swift in Sources */,
				C0DE01A32F4402A300D1CE00 /* D6FaceOrientation.swift in Sources */,
				C0DE01A52F4402A500D1CE00 /* D6BeveledCubeGeometry.swift in Sources */,
				C0DE00292F44022900D1CE00 /* WatchRollViewModel.swift in Sources */,
				A1CE11022F5B000100D1CE00 /* WatchSingleDieConfigurationSyncBridge.swift in Sources */,
				A3CE11022F5C100100D1CE00 /* DiceSingleDieSceneGeometryFactory.swift in Sources */,
				C0DE00272F44022700D1CE00 /* DiceRollSession.swift in Sources */,
				C0DE002D2F44022D00D1CE00 /* IntuitiveRollContext.swift in Sources */,
				C0DE00252F44022500D1CE00 /* IntuitiveRoller.swift in Sources */,
				C0DE00232F44022300D1CE00 /* TrueRandomRoller.swift in Sources */,
				C0DE01A12F4402A100D1CE00 /* DiceInputError.swift in Sources */,
				C0DE01A22F4402A200D1CE00 /* DicePool.swift in Sources */,
				C0DE00212F44022100D1CE00 /* DiceNotationParser.swift in Sources */,
				C0DE002F2F44022F00D1CE00 /* RollConfiguration.swift in Sources */,
				C0DE00312F44023100D1CE00 /* RollOutcome.swift in Sources */,
				B50B450E215D804200A6399B /* NotificationController.swift in Sources */,
				B50B450C215D804200A6399B /* ExtensionDelegate.swift in Sources */,
				B50B450A215D804200A6399B /* InterfaceController.swift in Sources */,
			);
			runOnlyForDeploymentPostprocessing = 0;
		};
		W90000012F56000100D1CE00 /* Sources */ = {
			isa = PBXSourcesBuildPhase;
			buildActionMask = 2147483647;
			files = (
				W10000012F56000100D1CE00 /* DiceWidgetsBundle.swift in Sources */,
				W10000022F56000200D1CE00 /* DiceRollWidget.swift in Sources */,
				W10000032F56000300D1CE00 /* DiceWidgetSnapshotStore.swift in Sources */,
				W10000042F56000400D1CE00 /* RollHistoryEntry.swift in Sources */,
				W10000062F56000600D1CE00 /* DiceWidgetTimelinePolicy.swift in Sources */,
			);
			runOnlyForDeploymentPostprocessing = 0;
		};
/* End PBXSourcesBuildPhase section */

/* Begin PBXTargetDependency section */
		B50B44E3215D804100A6399B /* PBXTargetDependency */ = {
			isa = PBXTargetDependency;
			target = B50B44CC215D803C00A6399B /* Dice */;
			targetProxy = B50B44E2215D804100A6399B /* PBXContainerItemProxy */;
		};
		B50B44EE215D804100A6399B /* PBXTargetDependency */ = {
			isa = PBXTargetDependency;
			target = B50B44CC215D803C00A6399B /* Dice */;
			targetProxy = B50B44ED215D804100A6399B /* PBXContainerItemProxy */;
		};
		B50B44F8215D804200A6399B /* PBXTargetDependency */ = {
			isa = PBXTargetDependency;
			target = B50B44F4215D804100A6399B /* Dice WatchKit App */;
			targetProxy = B50B44F7215D804200A6399B /* PBXContainerItemProxy */;
		};
		B50B4507215D804200A6399B /* PBXTargetDependency */ = {
			isa = PBXTargetDependency;
			target = B50B4503215D804200A6399B /* Dice WatchKit Extension */;
			targetProxy = B50B4506215D804200A6399B /* PBXContainerItemProxy */;
		};
		WA0000012F56000100D1CE00 /* PBXTargetDependency */ = {
			isa = PBXTargetDependency;
			target = W70000012F56000100D1CE00 /* Dice Widgets Extension */;
			targetProxy = W20000012F56000100D1CE00 /* PBXContainerItemProxy */;
		};
/* End PBXTargetDependency section */

/* Begin PBXVariantGroup section */
		B50B44D4215D803D00A6399B /* Main.storyboard */ = {
			isa = PBXVariantGroup;
			children = (
				B50B44D5215D803D00A6399B /* Base */,
			);
			name = Main.storyboard;
			sourceTree = "<group>";
		};
		B50B44D9215D804100A6399B /* LaunchScreen.storyboard */ = {
			isa = PBXVariantGroup;
			children = (
				B50B44DA215D804100A6399B /* Base */,
			);
			name = LaunchScreen.storyboard;
			sourceTree = "<group>";
		};
		B50B44FA215D804200A6399B /* Interface.storyboard */ = {
			isa = PBXVariantGroup;
			children = (
				B50B44FB215D804200A6399B /* Base */,
			);
			name = Interface.storyboard;
			sourceTree = "<group>";
		};
/* End PBXVariantGroup section */

/* Begin XCBuildConfiguration section */
		B50B4513215D804300A6399B /* Debug */ = {
			isa = XCBuildConfiguration;
			buildSettings = {
				ALWAYS_SEARCH_USER_PATHS = NO;
				CLANG_ANALYZER_NONNULL = YES;
				CLANG_ANALYZER_NUMBER_OBJECT_CONVERSION = YES_AGGRESSIVE;
				CLANG_CXX_LANGUAGE_STANDARD = "gnu++14";
				CLANG_CXX_LIBRARY = "libc++";
				CLANG_ENABLE_MODULES = YES;
				CLANG_ENABLE_OBJC_ARC = YES;
				CLANG_ENABLE_OBJC_WEAK = YES;
				CLANG_WARN_BLOCK_CAPTURE_AUTORELEASING = YES;
				CLANG_WARN_BOOL_CONVERSION = YES;
				CLANG_WARN_COMMA = YES;
				CLANG_WARN_CONSTANT_CONVERSION = YES;
				CLANG_WARN_DEPRECATED_OBJC_IMPLEMENTATIONS = YES;
				CLANG_WARN_DIRECT_OBJC_ISA_USAGE = YES_ERROR;
				CLANG_WARN_DOCUMENTATION_COMMENTS = YES;
				CLANG_WARN_EMPTY_BODY = YES;
				CLANG_WARN_ENUM_CONVERSION = YES;
				CLANG_WARN_INFINITE_RECURSION = YES;
				CLANG_WARN_INT_CONVERSION = YES;
				CLANG_WARN_NON_LITERAL_NULL_CONVERSION = YES;
				CLANG_WARN_OBJC_IMPLICIT_RETAIN_SELF = YES;
				CLANG_WARN_OBJC_LITERAL_CONVERSION = YES;
				CLANG_WARN_OBJC_ROOT_CLASS = YES_ERROR;
				CLANG_WARN_RANGE_LOOP_ANALYSIS = YES;
				CLANG_WARN_STRICT_PROTOTYPES = YES;
				CLANG_WARN_SUSPICIOUS_MOVE = YES;
				CLANG_WARN_UNGUARDED_AVAILABILITY = YES_AGGRESSIVE;
				CLANG_WARN_UNREACHABLE_CODE = YES;
				CLANG_WARN__DUPLICATE_METHOD_MATCH = YES;
				CODE_SIGN_IDENTITY = "iPhone Developer";
				COPY_PHASE_STRIP = NO;
				DEBUG_INFORMATION_FORMAT = dwarf;
				ENABLE_STRICT_OBJC_MSGSEND = YES;
				ENABLE_TESTABILITY = YES;
				GCC_C_LANGUAGE_STANDARD = gnu11;
				GCC_DYNAMIC_NO_PIC = NO;
				GCC_NO_COMMON_BLOCKS = YES;
				GCC_OPTIMIZATION_LEVEL = 0;
				GCC_PREPROCESSOR_DEFINITIONS = (
					"DEBUG=1",
					"$(inherited)",
				);
				GCC_WARN_64_TO_32_BIT_CONVERSION = YES;
				GCC_WARN_ABOUT_RETURN_TYPE = YES_ERROR;
				GCC_WARN_UNDECLARED_SELECTOR = YES;
				GCC_WARN_UNINITIALIZED_AUTOS = YES_AGGRESSIVE;
				GCC_WARN_UNUSED_FUNCTION = YES;
				GCC_WARN_UNUSED_VARIABLE = YES;
				IPHONEOS_DEPLOYMENT_TARGET = 12.0;
				MTL_ENABLE_DEBUG_INFO = INCLUDE_SOURCE;
				MTL_FAST_MATH = YES;
				ONLY_ACTIVE_ARCH = YES;
				SDKROOT = iphoneos;
				SWIFT_ACTIVE_COMPILATION_CONDITIONS = DEBUG;
				SWIFT_OPTIMIZATION_LEVEL = "-Onone";
			};
			name = Debug;
		};
		B50B4514215D804300A6399B /* Release */ = {
			isa = XCBuildConfiguration;
			buildSettings = {
				ALWAYS_SEARCH_USER_PATHS = NO;
				CLANG_ANALYZER_NONNULL = YES;
				CLANG_ANALYZER_NUMBER_OBJECT_CONVERSION = YES_AGGRESSIVE;
				CLANG_CXX_LANGUAGE_STANDARD = "gnu++14";
				CLANG_CXX_LIBRARY = "libc++";
				CLANG_ENABLE_MODULES = YES;
				CLANG_ENABLE_OBJC_ARC = YES;
				CLANG_ENABLE_OBJC_WEAK = YES;
				CLANG_WARN_BLOCK_CAPTURE_AUTORELEASING = YES;
				CLANG_WARN_BOOL_CONVERSION = YES;
				CLANG_WARN_COMMA = YES;
				CLANG_WARN_CONSTANT_CONVERSION = YES;
				CLANG_WARN_DEPRECATED_OBJC_IMPLEMENTATIONS = YES;
				CLANG_WARN_DIRECT_OBJC_ISA_USAGE = YES_ERROR;
				CLANG_WARN_DOCUMENTATION_COMMENTS = YES;
				CLANG_WARN_EMPTY_BODY = YES;
				CLANG_WARN_ENUM_CONVERSION = YES;
				CLANG_WARN_INFINITE_RECURSION = YES;
				CLANG_WARN_INT_CONVERSION = YES;
				CLANG_WARN_NON_LITERAL_NULL_CONVERSION = YES;
				CLANG_WARN_OBJC_IMPLICIT_RETAIN_SELF = YES;
				CLANG_WARN_OBJC_LITERAL_CONVERSION = YES;
				CLANG_WARN_OBJC_ROOT_CLASS = YES_ERROR;
				CLANG_WARN_RANGE_LOOP_ANALYSIS = YES;
				CLANG_WARN_STRICT_PROTOTYPES = YES;
				CLANG_WARN_SUSPICIOUS_MOVE = YES;
				CLANG_WARN_UNGUARDED_AVAILABILITY = YES_AGGRESSIVE;
				CLANG_WARN_UNREACHABLE_CODE = YES;
				CLANG_WARN__DUPLICATE_METHOD_MATCH = YES;
				CODE_SIGN_IDENTITY = "iPhone Developer";
				COPY_PHASE_STRIP = NO;
				DEBUG_INFORMATION_FORMAT = "dwarf-with-dsym";
				ENABLE_NS_ASSERTIONS = NO;
				ENABLE_STRICT_OBJC_MSGSEND = YES;
				GCC_C_LANGUAGE_STANDARD = gnu11;
				GCC_NO_COMMON_BLOCKS = YES;
				GCC_WARN_64_TO_32_BIT_CONVERSION = YES;
				GCC_WARN_ABOUT_RETURN_TYPE = YES_ERROR;
				GCC_WARN_UNDECLARED_SELECTOR = YES;
				GCC_WARN_UNINITIALIZED_AUTOS = YES_AGGRESSIVE;
				GCC_WARN_UNUSED_FUNCTION = YES;
				GCC_WARN_UNUSED_VARIABLE = YES;
				IPHONEOS_DEPLOYMENT_TARGET = 12.0;
				MTL_ENABLE_DEBUG_INFO = NO;
				MTL_FAST_MATH = YES;
				SDKROOT = iphoneos;
				SWIFT_COMPILATION_MODE = wholemodule;
				SWIFT_OPTIMIZATION_LEVEL = "-O";
				VALIDATE_PRODUCT = YES;
			};
			name = Release;
		};
		B50B4516215D804300A6399B /* Debug */ = {
			isa = XCBuildConfiguration;
			buildSettings = {
				ASSETCATALOG_COMPILER_COMPLICATION_NAME = Complication;
				CODE_SIGN_STYLE = Automatic;
				INFOPLIST_FILE = "Dice WatchKit Extension/Info.plist";
				LD_RUNPATH_SEARCH_PATHS = (
					"$(inherited)",
					"@executable_path/Frameworks",
					"@executable_path/../../Frameworks",
				);
				PRODUCT_BUNDLE_IDENTIFIER = com.kitsunesoftware.Dice.watchkitapp.watchkitextension;
				PRODUCT_NAME = "${TARGET_NAME}";
				SDKROOT = watchos;
				SKIP_INSTALL = YES;
				SWIFT_VERSION = 5.0;
				TARGETED_DEVICE_FAMILY = 4;
				WATCHOS_DEPLOYMENT_TARGET = 10.2;
			};
			name = Debug;
		};
		B50B4517215D804300A6399B /* Release */ = {
			isa = XCBuildConfiguration;
			buildSettings = {
				ASSETCATALOG_COMPILER_COMPLICATION_NAME = Complication;
				CODE_SIGN_STYLE = Automatic;
				INFOPLIST_FILE = "Dice WatchKit Extension/Info.plist";
				LD_RUNPATH_SEARCH_PATHS = (
					"$(inherited)",
					"@executable_path/Frameworks",
					"@executable_path/../../Frameworks",
				);
				PRODUCT_BUNDLE_IDENTIFIER = com.kitsunesoftware.Dice.watchkitapp.watchkitextension;
				PRODUCT_NAME = "${TARGET_NAME}";
				SDKROOT = watchos;
				SKIP_INSTALL = YES;
				SWIFT_VERSION = 5.0;
				TARGETED_DEVICE_FAMILY = 4;
				WATCHOS_DEPLOYMENT_TARGET = 10.2;
			};
			name = Release;
		};
		B50B451A215D804300A6399B /* Debug */ = {
			isa = XCBuildConfiguration;
			buildSettings = {
				ALWAYS_EMBED_SWIFT_STANDARD_LIBRARIES = YES;
				ASSETCATALOG_COMPILER_APPICON_NAME = AppIcon;
				CODE_SIGN_STYLE = Automatic;
				IBSC_MODULE = Dice_WatchKit_Extension;
				INFOPLIST_FILE = "Dice WatchKit App/Info.plist";
				PRODUCT_BUNDLE_IDENTIFIER = com.kitsunesoftware.Dice.watchkitapp;
				PRODUCT_NAME = "$(TARGET_NAME)";
				SDKROOT = watchos;
				SKIP_INSTALL = YES;
				SWIFT_VERSION = 5.0;
				TARGETED_DEVICE_FAMILY = 4;
				WATCHOS_DEPLOYMENT_TARGET = 10.2;
			};
			name = Debug;
		};
		B50B451B215D804300A6399B /* Release */ = {
			isa = XCBuildConfiguration;
			buildSettings = {
				ALWAYS_EMBED_SWIFT_STANDARD_LIBRARIES = YES;
				ASSETCATALOG_COMPILER_APPICON_NAME = AppIcon;
				CODE_SIGN_STYLE = Automatic;
				IBSC_MODULE = Dice_WatchKit_Extension;
				INFOPLIST_FILE = "Dice WatchKit App/Info.plist";
				PRODUCT_BUNDLE_IDENTIFIER = com.kitsunesoftware.Dice.watchkitapp;
				PRODUCT_NAME = "$(TARGET_NAME)";
				SDKROOT = watchos;
				SKIP_INSTALL = YES;
				SWIFT_VERSION = 5.0;
				TARGETED_DEVICE_FAMILY = 4;
				WATCHOS_DEPLOYMENT_TARGET = 10.2;
			};
			name = Release;
		};
		B50B451E215D804300A6399B /* Debug */ = {
			isa = XCBuildConfiguration;
			buildSettings = {
				ASSETCATALOG_COMPILER_APPICON_NAME = AppIcon;
				CODE_SIGN_STYLE = Automatic;
				INFOPLIST_FILE = Dice/Info.plist;
				IPHONEOS_DEPLOYMENT_TARGET = 18.6;
				MACOSX_DEPLOYMENT_TARGET = 15.7;
				LD_RUNPATH_SEARCH_PATHS = (
					"$(inherited)",
					"@executable_path/Frameworks",
				);
				PRODUCT_BUNDLE_IDENTIFIER = com.kitsunesoftware.Dice;
				PRODUCT_NAME = "$(TARGET_NAME)";
				SUPPORTS_MACCATALYST = YES;
				SWIFT_VERSION = 5.0;
				TARGETED_DEVICE_FAMILY = "1,2";
			};
			name = Debug;
		};
		B50B451F215D804300A6399B /* Release */ = {
			isa = XCBuildConfiguration;
			buildSettings = {
				ASSETCATALOG_COMPILER_APPICON_NAME = AppIcon;
				CODE_SIGN_STYLE = Automatic;
				INFOPLIST_FILE = Dice/Info.plist;
				IPHONEOS_DEPLOYMENT_TARGET = 18.6;
				MACOSX_DEPLOYMENT_TARGET = 15.7;
				LD_RUNPATH_SEARCH_PATHS = (
					"$(inherited)",
					"@executable_path/Frameworks",
				);
				PRODUCT_BUNDLE_IDENTIFIER = com.kitsunesoftware.Dice;
				PRODUCT_NAME = "$(TARGET_NAME)";
				SUPPORTS_MACCATALYST = YES;
				SWIFT_VERSION = 5.0;
				TARGETED_DEVICE_FAMILY = "1,2";
			};
			name = Release;
		};
		B50B4521215D804300A6399B /* Debug */ = {
			isa = XCBuildConfiguration;
			buildSettings = {
				ALWAYS_EMBED_SWIFT_STANDARD_LIBRARIES = YES;
				BUNDLE_LOADER = "$(TEST_HOST)";
				CODE_SIGN_STYLE = Automatic;
				INFOPLIST_FILE = DiceTests/Info.plist;
				IPHONEOS_DEPLOYMENT_TARGET = 18.6;
				MACOSX_DEPLOYMENT_TARGET = 15.7;
				LD_RUNPATH_SEARCH_PATHS = (
					"$(inherited)",
					"@executable_path/Frameworks",
					"@loader_path/Frameworks",
				);
				PRODUCT_BUNDLE_IDENTIFIER = com.kitsunesoftware.DiceTests;
				PRODUCT_NAME = "$(TARGET_NAME)";
				SWIFT_VERSION = 5.0;
				TARGETED_DEVICE_FAMILY = "1,2";
				TEST_HOST = "$(BUILT_PRODUCTS_DIR)/Dice.app/Dice";
			};
			name = Debug;
		};
		B50B4522215D804300A6399B /* Release */ = {
			isa = XCBuildConfiguration;
			buildSettings = {
				ALWAYS_EMBED_SWIFT_STANDARD_LIBRARIES = YES;
				BUNDLE_LOADER = "$(TEST_HOST)";
				CODE_SIGN_STYLE = Automatic;
				INFOPLIST_FILE = DiceTests/Info.plist;
				IPHONEOS_DEPLOYMENT_TARGET = 18.6;
				MACOSX_DEPLOYMENT_TARGET = 15.7;
				LD_RUNPATH_SEARCH_PATHS = (
					"$(inherited)",
					"@executable_path/Frameworks",
					"@loader_path/Frameworks",
				);
				PRODUCT_BUNDLE_IDENTIFIER = com.kitsunesoftware.DiceTests;
				PRODUCT_NAME = "$(TARGET_NAME)";
				SWIFT_VERSION = 5.0;
				TARGETED_DEVICE_FAMILY = "1,2";
				TEST_HOST = "$(BUILT_PRODUCTS_DIR)/Dice.app/Dice";
			};
			name = Release;
		};
		B50B4524215D804300A6399B /* Debug */ = {
			isa = XCBuildConfiguration;
			buildSettings = {
				ALWAYS_EMBED_SWIFT_STANDARD_LIBRARIES = YES;
				CODE_SIGN_STYLE = Automatic;
				INFOPLIST_FILE = DiceUITests/Info.plist;
				IPHONEOS_DEPLOYMENT_TARGET = 18.6;
				MACOSX_DEPLOYMENT_TARGET = 15.7;
				LD_RUNPATH_SEARCH_PATHS = (
					"$(inherited)",
					"@executable_path/Frameworks",
					"@loader_path/Frameworks",
				);
				PRODUCT_BUNDLE_IDENTIFIER = com.kitsunesoftware.DiceUITests;
				PRODUCT_NAME = "$(TARGET_NAME)";
				SWIFT_VERSION = 5.0;
				TARGETED_DEVICE_FAMILY = "1,2";
				TEST_TARGET_NAME = Dice;
			};
			name = Debug;
		};
		B50B4525215D804300A6399B /* Release */ = {
			isa = XCBuildConfiguration;
			buildSettings = {
				ALWAYS_EMBED_SWIFT_STANDARD_LIBRARIES = YES;
				CODE_SIGN_STYLE = Automatic;
				INFOPLIST_FILE = DiceUITests/Info.plist;
				IPHONEOS_DEPLOYMENT_TARGET = 18.6;
				MACOSX_DEPLOYMENT_TARGET = 15.7;
				LD_RUNPATH_SEARCH_PATHS = (
					"$(inherited)",
					"@executable_path/Frameworks",
					"@loader_path/Frameworks",
				);
				PRODUCT_BUNDLE_IDENTIFIER = com.kitsunesoftware.DiceUITests;
				PRODUCT_NAME = "$(TARGET_NAME)";
				SWIFT_VERSION = 5.0;
				TARGETED_DEVICE_FAMILY = "1,2";
				TEST_TARGET_NAME = Dice;
			};
			name = Release;
		};
		WB0000012F56000100D1CE00 /* Debug */ = {
			isa = XCBuildConfiguration;
			buildSettings = {
				APPLICATION_EXTENSION_API_ONLY = YES;
				CODE_SIGN_STYLE = Automatic;
				INFOPLIST_FILE = "Dice Widgets/Info.plist";
				IPHONEOS_DEPLOYMENT_TARGET = 18.6;
				MACOSX_DEPLOYMENT_TARGET = 15.7;
				PRODUCT_BUNDLE_IDENTIFIER = com.kitsunesoftware.Dice.widgets;
				PRODUCT_NAME = "$(TARGET_NAME)";
				SDKROOT = iphoneos;
				SKIP_INSTALL = YES;
				SWIFT_VERSION = 5.0;
				TARGETED_DEVICE_FAMILY = "1,2";
			};
			name = Debug;
		};
		WB0000022F56000200D1CE00 /* Release */ = {
			isa = XCBuildConfiguration;
			buildSettings = {
				APPLICATION_EXTENSION_API_ONLY = YES;
				CODE_SIGN_STYLE = Automatic;
				INFOPLIST_FILE = "Dice Widgets/Info.plist";
				IPHONEOS_DEPLOYMENT_TARGET = 18.6;
				MACOSX_DEPLOYMENT_TARGET = 15.7;
				PRODUCT_BUNDLE_IDENTIFIER = com.kitsunesoftware.Dice.widgets;
				PRODUCT_NAME = "$(TARGET_NAME)";
				SDKROOT = iphoneos;
				SKIP_INSTALL = YES;
				SWIFT_VERSION = 5.0;
				TARGETED_DEVICE_FAMILY = "1,2";
			};
			name = Release;
		};
/* End XCBuildConfiguration section */

/* Begin XCConfigurationList section */
		B50B44C8215D803C00A6399B /* Build configuration list for PBXProject "Dice" */ = {
			isa = XCConfigurationList;
			buildConfigurations = (
				B50B4513215D804300A6399B /* Debug */,
				B50B4514215D804300A6399B /* Release */,
			);
			defaultConfigurationIsVisible = 0;
			defaultConfigurationName = Release;
		};
		B50B4515215D804300A6399B /* Build configuration list for PBXNativeTarget "Dice WatchKit Extension" */ = {
			isa = XCConfigurationList;
			buildConfigurations = (
				B50B4516215D804300A6399B /* Debug */,
				B50B4517215D804300A6399B /* Release */,
			);
			defaultConfigurationIsVisible = 0;
			defaultConfigurationName = Release;
		};
		B50B4519215D804300A6399B /* Build configuration list for PBXNativeTarget "Dice WatchKit App" */ = {
			isa = XCConfigurationList;
			buildConfigurations = (
				B50B451A215D804300A6399B /* Debug */,
				B50B451B215D804300A6399B /* Release */,
			);
			defaultConfigurationIsVisible = 0;
			defaultConfigurationName = Release;
		};
		B50B451D215D804300A6399B /* Build configuration list for PBXNativeTarget "Dice" */ = {
			isa = XCConfigurationList;
			buildConfigurations = (
				B50B451E215D804300A6399B /* Debug */,
				B50B451F215D804300A6399B /* Release */,
			);
			defaultConfigurationIsVisible = 0;
			defaultConfigurationName = Release;
		};
		B50B4520215D804300A6399B /* Build configuration list for PBXNativeTarget "DiceTests" */ = {
			isa = XCConfigurationList;
			buildConfigurations = (
				B50B4521215D804300A6399B /* Debug */,
				B50B4522215D804300A6399B /* Release */,
			);
			defaultConfigurationIsVisible = 0;
			defaultConfigurationName = Release;
		};
		B50B4523215D804300A6399B /* Build configuration list for PBXNativeTarget "DiceUITests" */ = {
			isa = XCConfigurationList;
			buildConfigurations = (
				B50B4524215D804300A6399B /* Debug */,
				B50B4525215D804300A6399B /* Release */,
			);
			defaultConfigurationIsVisible = 0;
			defaultConfigurationName = Release;
		};
		WC0000012F56000100D1CE00 /* Build configuration list for PBXNativeTarget "Dice Widgets Extension" */ = {
			isa = XCConfigurationList;
			buildConfigurations = (
				WB0000012F56000100D1CE00 /* Debug */,
				WB0000022F56000200D1CE00 /* Release */,
			);
			defaultConfigurationIsVisible = 0;
			defaultConfigurationName = Release;
		};
/* End XCConfigurationList section */
	};
	rootObject = B50B44C5215D803C00A6399B /* Project object */;
}
